// !$*UTF8*$!
{
	archiveVersion = 1;
	classes = {
	};
	objectVersion = 45;
	objects = {

/* Begin PBXBuildFile section */
		1A3C1B2E1089D4F9008BD5A5 /* DensityHelp.m in Sources */ = {isa = PBXBuildFile; fileRef = 1A3C1B2C1089D4F9008BD5A5 /* DensityHelp.m */; };
		1A3C1B361089D60C008BD5A5 /* WildlifeDensity Manual.pdf in Resources */ = {isa = PBXBuildFile; fileRef = 1A3C1B341089D60C008BD5A5 /* WildlifeDensity Manual.pdf */; };
		1A9534E209F10EC6002E1E3A /* Dataset Icon.icns in Resources */ = {isa = PBXBuildFile; fileRef = 1A9534E109F10EC6002E1E3A /* Dataset Icon.icns */; };
		1AB250360C19AA18000920F2 /* Graph Results Plot macro in Resources */ = {isa = PBXBuildFile; fileRef = 1AB250350C19AA18000920F2 /* Graph Results Plot macro */; };
		420B005106C6E96000695CAB /* Density.nib in Resources */ = {isa = PBXBuildFile; fileRef = 420B004F06C6E96000695CAB /* Density.nib */; };
		420B005706C6E99600695CAB /* DensityController.m in Sources */ = {isa = PBXBuildFile; fileRef = 420B005506C6E99600695CAB /* DensityController.m */; };
		420B007406C6EED000695CAB /* Density.m in Sources */ = {isa = PBXBuildFile; fileRef = 420B007206C6EED000695CAB /* Density.m */; };
		422BF475074B760D00FE654A /* WildlifeDensity Icon.icns in Resources */ = {isa = PBXBuildFile; fileRef = 422BF474074B760D00FE654A /* WildlifeDensity Icon.icns */; };
		4231405313979E30000F35F7 /* mnps2.c in Sources */ = {isa = PBXBuildFile; fileRef = 4231405213979E30000F35F7 /* mnps2.c */; };
		8D15AC2C0486D014006FF6A4 /* Credits.rtf in Resources */ = {isa = PBXBuildFile; fileRef = 2A37F4B9FDCFA73011CA2CEA /* Credits.rtf */; };
		8D15AC2D0486D014006FF6A4 /* MainMenu.nib in Resources */ = {isa = PBXBuildFile; fileRef = 2A37F4B6FDCFA73011CA2CEA /* MainMenu.nib */; };
		8D15AC2F0486D014006FF6A4 /* InfoPlist.strings in Resources */ = {isa = PBXBuildFile; fileRef = 089C165FFE840EACC02AAC07 /* InfoPlist.strings */; };
		8D15AC320486D014006FF6A4 /* main.m in Sources */ = {isa = PBXBuildFile; fileRef = 2A37F4B0FDCFA73011CA2CEA /* main.m */; settings = {ATTRIBUTES = (); }; };
		8D15AC340486D014006FF6A4 /* Cocoa.framework in Frameworks */ = {isa = PBXBuildFile; fileRef = 1058C7A7FEA54F5311CA2CBB /* Cocoa.framework */; };
		AC9DDA4E160B431900AB1A89 /* GraphKit.framework in Frameworks */ = {isa = PBXBuildFile; fileRef = AC9DDA4D160B431900AB1A89 /* GraphKit.framework */; };
		AC9DDA51160B435200AB1A89 /* GraphData.m in Sources */ = {isa = PBXBuildFile; fileRef = AC9DDA50160B435200AB1A89 /* GraphData.m */; };
		ACFF017E1609EA65009EDB79 /* GraphData.xib in Resources */ = {isa = PBXBuildFile; fileRef = ACFF017C1609EA65009EDB79 /* GraphData.xib */; };
/* End PBXBuildFile section */

/* Begin PBXFileReference section */
		089C1660FE840EACC02AAC07 /* English */ = {isa = PBXFileReference; fileEncoding = 10; lastKnownFileType = text.plist.strings; name = English; path = English.lproj/InfoPlist.strings; sourceTree = "<group>"; };
		1058C7A7FEA54F5311CA2CBB /* Cocoa.framework */ = {isa = PBXFileReference; lastKnownFileType = wrapper.framework; name = Cocoa.framework; path = /System/Library/Frameworks/Cocoa.framework; sourceTree = "<absolute>"; };
		1A3C1B2C1089D4F9008BD5A5 /* DensityHelp.m */ = {isa = PBXFileReference; fileEncoding = 4; lastKnownFileType = sourcecode.c.objc; path = DensityHelp.m; sourceTree = "<group>"; };
		1A3C1B2D1089D4F9008BD5A5 /* DensityHelp.h */ = {isa = PBXFileReference; fileEncoding = 4; lastKnownFileType = sourcecode.c.h; path = DensityHelp.h; sourceTree = "<group>"; };
		1A3C1B351089D60C008BD5A5 /* English */ = {isa = PBXFileReference; lastKnownFileType = image.pdf; name = English; path = "English.lproj/WildlifeDensity Manual.pdf"; sourceTree = "<group>"; };
		1A9534E109F10EC6002E1E3A /* Dataset Icon.icns */ = {isa = PBXFileReference; lastKnownFileType = image.icns; path = "Dataset Icon.icns"; sourceTree = "<group>"; };
		1AB250350C19AA18000920F2 /* Graph Results Plot macro */ = {isa = PBXFileReference; fileEncoding = 4; lastKnownFileType = text; path = "Graph Results Plot macro"; sourceTree = "<group>"; };
		2A37F4B0FDCFA73011CA2CEA /* main.m */ = {isa = PBXFileReference; fileEncoding = 4; lastKnownFileType = sourcecode.c.objc; path = main.m; sourceTree = "<group>"; };
		2A37F4B7FDCFA73011CA2CEA /* English */ = {isa = PBXFileReference; lastKnownFileType = wrapper.nib; name = English; path = English.lproj/MainMenu.nib; sourceTree = "<group>"; };
		2A37F4BAFDCFA73011CA2CEA /* English */ = {isa = PBXFileReference; lastKnownFileType = text.rtf; name = English; path = English.lproj/Credits.rtf; sourceTree = "<group>"; };
		2A37F4C4FDCFA73011CA2CEA /* AppKit.framework */ = {isa = PBXFileReference; lastKnownFileType = wrapper.framework; name = AppKit.framework; path = /System/Library/Frameworks/AppKit.framework; sourceTree = "<absolute>"; };
		2A37F4C5FDCFA73011CA2CEA /* Foundation.framework */ = {isa = PBXFileReference; lastKnownFileType = wrapper.framework; name = Foundation.framework; path = /System/Library/Frameworks/Foundation.framework; sourceTree = "<absolute>"; };
		32DBCF750370BD2300C91783 /* WildlifeDensity_Prefix.pch */ = {isa = PBXFileReference; fileEncoding = 4; lastKnownFileType = sourcecode.c.h; path = WildlifeDensity_Prefix.pch; sourceTree = "<group>"; };
		420B005006C6E96000695CAB /* English */ = {isa = PBXFileReference; lastKnownFileType = wrapper.nib; name = English; path = English.lproj/Density.nib; sourceTree = "<group>"; };
		420B005406C6E99600695CAB /* DensityController.h */ = {isa = PBXFileReference; fileEncoding = 7; lastKnownFileType = sourcecode.c.h; path = DensityController.h; sourceTree = "<group>"; };
		420B005506C6E99600695CAB /* DensityController.m */ = {isa = PBXFileReference; fileEncoding = 7; lastKnownFileType = sourcecode.c.objc; path = DensityController.m; sourceTree = "<group>"; };
		420B007106C6EED000695CAB /* Density.h */ = {isa = PBXFileReference; fileEncoding = 7; lastKnownFileType = sourcecode.c.h; path = Density.h; sourceTree = "<group>"; };
		420B007206C6EED000695CAB /* Density.m */ = {isa = PBXFileReference; fileEncoding = 7; lastKnownFileType = sourcecode.c.objc; path = Density.m; sourceTree = "<group>"; };
		422BF474074B760D00FE654A /* WildlifeDensity Icon.icns */ = {isa = PBXFileReference; lastKnownFileType = image.icns; path = "WildlifeDensity Icon.icns"; sourceTree = "<group>"; };
		4231405213979E30000F35F7 /* mnps2.c */ = {isa = PBXFileReference; fileEncoding = 4; lastKnownFileType = sourcecode.c.c; path = mnps2.c; sourceTree = "<group>"; tabWidth = 8; };
		4295D9CA06C73467005558C3 /* mnps2.h */ = {isa = PBXFileReference; fileEncoding = 4; indentWidth = 4; lastKnownFileType = sourcecode.c.h; path = mnps2.h; sourceTree = "<group>"; tabWidth = 4; usesTabs = 0; };
		8D15AC360486D014006FF6A4 /* Info.plist */ = {isa = PBXFileReference; fileEncoding = 4; lastKnownFileType = text.plist; path = Info.plist; sourceTree = "<group>"; };
		8D15AC370486D014006FF6A4 /* WildlifeDensity.app */ = {isa = PBXFileReference; explicitFileType = wrapper.application; includeInIndex = 0; path = WildlifeDensity.app; sourceTree = BUILT_PRODUCTS_DIR; };
		AC9DDA45160B427100AB1A89 /* GRAreaDataSet.h */ = {isa = PBXFileReference; fileEncoding = 4; lastKnownFileType = sourcecode.c.h; path = GRAreaDataSet.h; sourceTree = "<group>"; };
		AC9DDA46160B427100AB1A89 /* GRAxes.h */ = {isa = PBXFileReference; fileEncoding = 4; lastKnownFileType = sourcecode.c.h; path = GRAxes.h; sourceTree = "<group>"; };
		AC9DDA47160B427100AB1A89 /* GRChartView.h */ = {isa = PBXFileReference; fileEncoding = 4; lastKnownFileType = sourcecode.c.h; path = GRChartView.h; sourceTree = "<group>"; };
		AC9DDA48160B427100AB1A89 /* GRColumnDataSet.h */ = {isa = PBXFileReference; fileEncoding = 4; lastKnownFileType = sourcecode.c.h; path = GRColumnDataSet.h; sourceTree = "<group>"; };
		AC9DDA49160B427100AB1A89 /* GRDataSet.h */ = {isa = PBXFileReference; fileEncoding = 4; lastKnownFileType = sourcecode.c.h; path = GRDataSet.h; sourceTree = "<group>"; };
		AC9DDA4A160B427100AB1A89 /* GRLineDataSet.h */ = {isa = PBXFileReference; fileEncoding = 4; lastKnownFileType = sourcecode.c.h; path = GRLineDataSet.h; sourceTree = "<group>"; };
		AC9DDA4B160B427100AB1A89 /* GRPieDataSet.h */ = {isa = PBXFileReference; fileEncoding = 4; lastKnownFileType = sourcecode.c.h; path = GRPieDataSet.h; sourceTree = "<group>"; };
		AC9DDA4C160B427100AB1A89 /* GRXYDataSet.h */ = {isa = PBXFileReference; fileEncoding = 4; lastKnownFileType = sourcecode.c.h; path = GRXYDataSet.h; sourceTree = "<group>"; };
		AC9DDA4D160B431900AB1A89 /* GraphKit.framework */ = {isa = PBXFileReference; lastKnownFileType = wrapper.framework; name = GraphKit.framework; path = ../../../System/Library/PrivateFrameworks/GraphKit.framework; sourceTree = "<group>"; };
		AC9DDA4F160B435200AB1A89 /* GraphData.h */ = {isa = PBXFileReference; fileEncoding = 4; lastKnownFileType = sourcecode.c.h; path = GraphData.h; sourceTree = "<group>"; };
		AC9DDA50160B435200AB1A89 /* GraphData.m */ = {isa = PBXFileReference; fileEncoding = 4; lastKnownFileType = sourcecode.c.objc; path = GraphData.m; sourceTree = "<group>"; };
		ACFF017D1609EA65009EDB79 /* English */ = {isa = PBXFileReference; lastKnownFileType = file.xib; name = English; path = English.lproj/GraphData.xib; sourceTree = "<group>"; };
/* End PBXFileReference section */

/* Begin PBXFrameworksBuildPhase section */
		8D15AC330486D014006FF6A4 /* Frameworks */ = {
			isa = PBXFrameworksBuildPhase;
			buildActionMask = 2147483647;
			files = (
				8D15AC340486D014006FF6A4 /* Cocoa.framework in Frameworks */,
				AC9DDA4E160B431900AB1A89 /* GraphKit.framework in Frameworks */,
			);
			runOnlyForDeploymentPostprocessing = 0;
		};
/* End PBXFrameworksBuildPhase section */

/* Begin PBXGroup section */
		1058C7A6FEA54F5311CA2CBB /* Linked Frameworks */ = {
			isa = PBXGroup;
			children = (
				1058C7A7FEA54F5311CA2CBB /* Cocoa.framework */,
			);
			name = "Linked Frameworks";
			sourceTree = "<group>";
		};
		1058C7A8FEA54F5311CA2CBB /* Other Frameworks */ = {
			isa = PBXGroup;
			children = (
				2A37F4C5FDCFA73011CA2CEA /* Foundation.framework */,
				2A37F4C4FDCFA73011CA2CEA /* AppKit.framework */,
			);
			name = "Other Frameworks";
			sourceTree = "<group>";
		};
		19C28FB0FE9D524F11CA2CBB /* Products */ = {
			isa = PBXGroup;
			children = (
				8D15AC370486D014006FF6A4 /* WildlifeDensity.app */,
			);
			name = Products;
			sourceTree = "<group>";
		};
		2A37F4AAFDCFA73011CA2CEA /* WildlifeDensity */ = {
			isa = PBXGroup;
			children = (
				2A37F4ABFDCFA73011CA2CEA /* Classes */,
				AC9DDA44160B427100AB1A89 /* GraphKit Headers */,
				2A37F4AFFDCFA73011CA2CEA /* Other Sources */,
				2A37F4B8FDCFA73011CA2CEA /* Resources */,
				2A37F4C3FDCFA73011CA2CEA /* Frameworks */,
				19C28FB0FE9D524F11CA2CBB /* Products */,
			);
			name = WildlifeDensity;
			sourceTree = "<group>";
		};
		2A37F4ABFDCFA73011CA2CEA /* Classes */ = {
			isa = PBXGroup;
			children = (
				1A3C1B2D1089D4F9008BD5A5 /* DensityHelp.h */,
				1A3C1B2C1089D4F9008BD5A5 /* DensityHelp.m */,
				420B005406C6E99600695CAB /* DensityController.h */,
				420B005506C6E99600695CAB /* DensityController.m */,
				420B007106C6EED000695CAB /* Density.h */,
				420B007206C6EED000695CAB /* Density.m */,
				AC9DDA4F160B435200AB1A89 /* GraphData.h */,
				AC9DDA50160B435200AB1A89 /* GraphData.m */,
			);
			name = Classes;
			sourceTree = "<group>";
		};
		2A37F4AFFDCFA73011CA2CEA /* Other Sources */ = {
			isa = PBXGroup;
			children = (
				4231405213979E30000F35F7 /* mnps2.c */,
				4295D9CA06C73467005558C3 /* mnps2.h */,
				32DBCF750370BD2300C91783 /* WildlifeDensity_Prefix.pch */,
				2A37F4B0FDCFA73011CA2CEA /* main.m */,
			);
			name = "Other Sources";
			sourceTree = "<group>";
		};
		2A37F4B8FDCFA73011CA2CEA /* Resources */ = {
			isa = PBXGroup;
			children = (
				1A3C1B341089D60C008BD5A5 /* WildlifeDensity Manual.pdf */,
				1AB250350C19AA18000920F2 /* Graph Results Plot macro */,
				422BF474074B760D00FE654A /* WildlifeDensity Icon.icns */,
				1A9534E109F10EC6002E1E3A /* Dataset Icon.icns */,
				2A37F4B9FDCFA73011CA2CEA /* Credits.rtf */,
				2A37F4B6FDCFA73011CA2CEA /* MainMenu.nib */,
				420B004F06C6E96000695CAB /* Density.nib */,
				ACFF017C1609EA65009EDB79 /* GraphData.xib */,
				8D15AC360486D014006FF6A4 /* Info.plist */,
				089C165FFE840EACC02AAC07 /* InfoPlist.strings */,
			);
			name = Resources;
			sourceTree = "<group>";
		};
		2A37F4C3FDCFA73011CA2CEA /* Frameworks */ = {
			isa = PBXGroup;
			children = (
				AC9DDA4D160B431900AB1A89 /* GraphKit.framework */,
				1058C7A6FEA54F5311CA2CBB /* Linked Frameworks */,
				1058C7A8FEA54F5311CA2CBB /* Other Frameworks */,
			);
			name = Frameworks;
			sourceTree = "<group>";
		};
		AC9DDA44160B427100AB1A89 /* GraphKit Headers */ = {
			isa = PBXGroup;
			children = (
				AC9DDA45160B427100AB1A89 /* GRAreaDataSet.h */,
				AC9DDA46160B427100AB1A89 /* GRAxes.h */,
				AC9DDA47160B427100AB1A89 /* GRChartView.h */,
				AC9DDA48160B427100AB1A89 /* GRColumnDataSet.h */,
				AC9DDA49160B427100AB1A89 /* GRDataSet.h */,
				AC9DDA4A160B427100AB1A89 /* GRLineDataSet.h */,
				AC9DDA4B160B427100AB1A89 /* GRPieDataSet.h */,
				AC9DDA4C160B427100AB1A89 /* GRXYDataSet.h */,
			);
			name = "GraphKit Headers";
			path = GraphKit;
			sourceTree = "<group>";
		};
/* End PBXGroup section */

/* Begin PBXNativeTarget section */
		8D15AC270486D014006FF6A4 /* WildlifeDensity */ = {
			isa = PBXNativeTarget;
			buildConfigurationList = 4206D929093D5F580056509F /* Build configuration list for PBXNativeTarget "WildlifeDensity" */;
			buildPhases = (
				8D15AC2B0486D014006FF6A4 /* Resources */,
				8D15AC300486D014006FF6A4 /* Sources */,
				8D15AC330486D014006FF6A4 /* Frameworks */,
			);
			buildRules = (
			);
			dependencies = (
			);
			name = WildlifeDensity;
			productInstallPath = "$(HOME)/Applications";
			productName = WildlifeDensity;
			productReference = 8D15AC370486D014006FF6A4 /* WildlifeDensity.app */;
			productType = "com.apple.product-type.application";
		};
/* End PBXNativeTarget section */

/* Begin PBXProject section */
		2A37F4A9FDCFA73011CA2CEA /* Project object */ = {
			isa = PBXProject;
			attributes = {
				LastUpgradeCheck = 0460;
			};
			buildConfigurationList = 4206D92D093D5F580056509F /* Build configuration list for PBXProject "WildlifeDensity C" */;
			compatibilityVersion = "Xcode 3.0";
			developmentRegion = English;
			hasScannedForEncodings = 1;
			knownRegions = (
				English,
				Japanese,
				French,
				German,
			);
			mainGroup = 2A37F4AAFDCFA73011CA2CEA /* WildlifeDensity */;
			projectDirPath = "";
			projectRoot = "";
			targets = (
				8D15AC270486D014006FF6A4 /* WildlifeDensity */,
			);
		};
/* End PBXProject section */

/* Begin PBXResourcesBuildPhase section */
		8D15AC2B0486D014006FF6A4 /* Resources */ = {
			isa = PBXResourcesBuildPhase;
			buildActionMask = 2147483647;
			files = (
				8D15AC2C0486D014006FF6A4 /* Credits.rtf in Resources */,
				8D15AC2D0486D014006FF6A4 /* MainMenu.nib in Resources */,
				8D15AC2F0486D014006FF6A4 /* InfoPlist.strings in Resources */,
				420B005106C6E96000695CAB /* Density.nib in Resources */,
				422BF475074B760D00FE654A /* WildlifeDensity Icon.icns in Resources */,
				1A9534E209F10EC6002E1E3A /* Dataset Icon.icns in Resources */,
				1AB250360C19AA18000920F2 /* Graph Results Plot macro in Resources */,
				1A3C1B361089D60C008BD5A5 /* WildlifeDensity Manual.pdf in Resources */,
				ACFF017E1609EA65009EDB79 /* GraphData.xib in Resources */,
			);
			runOnlyForDeploymentPostprocessing = 0;
		};
/* End PBXResourcesBuildPhase section */

/* Begin PBXSourcesBuildPhase section */
		8D15AC300486D014006FF6A4 /* Sources */ = {
			isa = PBXSourcesBuildPhase;
			buildActionMask = 2147483647;
			files = (
				8D15AC320486D014006FF6A4 /* main.m in Sources */,
				420B005706C6E99600695CAB /* DensityController.m in Sources */,
				420B007406C6EED000695CAB /* Density.m in Sources */,
				1A3C1B2E1089D4F9008BD5A5 /* DensityHelp.m in Sources */,
				4231405313979E30000F35F7 /* mnps2.c in Sources */,
				AC9DDA51160B435200AB1A89 /* GraphData.m in Sources */,
			);
			runOnlyForDeploymentPostprocessing = 0;
		};
/* End PBXSourcesBuildPhase section */

/* Begin PBXVariantGroup section */
		089C165FFE840EACC02AAC07 /* InfoPlist.strings */ = {
			isa = PBXVariantGroup;
			children = (
				089C1660FE840EACC02AAC07 /* English */,
			);
			name = InfoPlist.strings;
			sourceTree = "<group>";
		};
		1A3C1B341089D60C008BD5A5 /* WildlifeDensity Manual.pdf */ = {
			isa = PBXVariantGroup;
			children = (
				1A3C1B351089D60C008BD5A5 /* English */,
			);
			name = "WildlifeDensity Manual.pdf";
			sourceTree = "<group>";
		};
		2A37F4B6FDCFA73011CA2CEA /* MainMenu.nib */ = {
			isa = PBXVariantGroup;
			children = (
				2A37F4B7FDCFA73011CA2CEA /* English */,
			);
			name = MainMenu.nib;
			sourceTree = "<group>";
		};
		2A37F4B9FDCFA73011CA2CEA /* Credits.rtf */ = {
			isa = PBXVariantGroup;
			children = (
				2A37F4BAFDCFA73011CA2CEA /* English */,
			);
			name = Credits.rtf;
			sourceTree = "<group>";
		};
		420B004F06C6E96000695CAB /* Density.nib */ = {
			isa = PBXVariantGroup;
			children = (
				420B005006C6E96000695CAB /* English */,
			);
			name = Density.nib;
			sourceTree = "<group>";
		};
		ACFF017C1609EA65009EDB79 /* GraphData.xib */ = {
			isa = PBXVariantGroup;
			children = (
				ACFF017D1609EA65009EDB79 /* English */,
			);
			name = GraphData.xib;
			sourceTree = "<group>";
		};
/* End PBXVariantGroup section */

/* Begin XCBuildConfiguration section */
		4206D92A093D5F580056509F /* Development */ = {
			isa = XCBuildConfiguration;
			buildSettings = {
				COPY_PHASE_STRIP = NO;
				FRAMEWORK_SEARCH_PATHS = (
					"$(inherited)",
					"\"$(SYSTEM_LIBRARY_DIR)/PrivateFrameworks\"",
				);
				GCC_C_LANGUAGE_STANDARD = c99;
				GCC_DYNAMIC_NO_PIC = NO;
				GCC_ENABLE_FIX_AND_CONTINUE = YES;
				GCC_GENERATE_DEBUGGING_SYMBOLS = YES;
				GCC_OPTIMIZATION_LEVEL = 0;
				GCC_PRECOMPILE_PREFIX_HEADER = NO;
				GCC_PREFIX_HEADER = WildlifeDensity_Prefix.pch;
				INFOPLIST_FILE = Info.plist;
				INSTALL_PATH = "$(HOME)/Applications";
				LIBRARY_SEARCH_PATHS = "";
				LIBRARY_STYLE = DYNAMIC;
				PRODUCT_NAME = WildlifeDensity;
				WRAPPER_EXTENSION = app;
				ZERO_LINK = YES;
			};
			name = Development;
		};
		4206D92B093D5F580056509F /* Deployment */ = {
			isa = XCBuildConfiguration;
			buildSettings = {
				COPY_PHASE_STRIP = YES;
				FRAMEWORK_SEARCH_PATHS = (
					"$(inherited)",
					"\"$(SYSTEM_LIBRARY_DIR)/PrivateFrameworks\"",
				);
				GCC_C_LANGUAGE_STANDARD = c99;
				GCC_ENABLE_FIX_AND_CONTINUE = NO;
				GCC_GENERATE_DEBUGGING_SYMBOLS = NO;
				GCC_PRECOMPILE_PREFIX_HEADER = NO;
				GCC_PREFIX_HEADER = WildlifeDensity_Prefix.pch;
				INFOPLIST_FILE = Info.plist;
				INSTALL_PATH = "$(HOME)/Applications";
				LIBRARY_SEARCH_PATHS = "";
				LIBRARY_STYLE = DYNAMIC;
				PRODUCT_NAME = WildlifeDensity;
				WRAPPER_EXTENSION = app;
				ZERO_LINK = NO;
			};
			name = Deployment;
		};
		4206D92C093D5F580056509F /* Default */ = {
			isa = XCBuildConfiguration;
			buildSettings = {
				FRAMEWORK_SEARCH_PATHS = (
					"$(inherited)",
					"\"$(SYSTEM_LIBRARY_DIR)/PrivateFrameworks\"",
				);
				GCC_C_LANGUAGE_STANDARD = c99;
				GCC_ENABLE_FIX_AND_CONTINUE = NO;
				GCC_GENERATE_DEBUGGING_SYMBOLS = NO;
				GCC_PRECOMPILE_PREFIX_HEADER = NO;
				GCC_PREFIX_HEADER = WildlifeDensity_Prefix.pch;
				INFOPLIST_FILE = Info.plist;
				INSTALL_PATH = "$(HOME)/Applications";
				LIBRARY_SEARCH_PATHS = "";
				LIBRARY_STYLE = DYNAMIC;
				PRODUCT_NAME = WildlifeDensity;
				WRAPPER_EXTENSION = app;
			};
			name = Default;
		};
		4206D92E093D5F580056509F /* Development */ = {
			isa = XCBuildConfiguration;
			buildSettings = {
				ARCHS = "$(NATIVE_ARCH_ACTUAL)";
				GCC_VERSION = "";
				"GCC_VERSION[sdk=macosx10.4][arch=ppc]" = 4.0;
				SDKROOT = macosx;
			};
			name = Development;
		};
		4206D92F093D5F580056509F /* Deployment */ = {
			isa = XCBuildConfiguration;
			buildSettings = {
				ARCHS = "$(ARCHS_STANDARD_32_64_BIT_PRE_XCODE_3_1)";
				ARCHS_STANDARD_32_64_BIT_PRE_XCODE_3_1 = "x86_64 i386 ppc";
				GCC_VERSION = "";
				"GCC_VERSION[sdk=macosx10.4][arch=ppc]" = 4.0;
				MACOSX_DEPLOYMENT_TARGET = 10.4;
				SDKROOT = macosx;
			};
			name = Deployment;
		};
		4206D930093D5F580056509F /* Default */ = {
			isa = XCBuildConfiguration;
			buildSettings = {
				"GCC_VERSION[sdk=macosx10.4][arch=ppc]" = 4.0;
				"MACOSX_DEPLOYMENT_TARGET[arch=ppc]" = 10.3;
				SDKROOT = macosx;
			};
			name = Default;
		};
/* End XCBuildConfiguration section */

/* Begin XCConfigurationList section */
		4206D929093D5F580056509F /* Build configuration list for PBXNativeTarget "WildlifeDensity" */ = {
			isa = XCConfigurationList;
			buildConfigurations = (
				4206D92A093D5F580056509F /* Development */,
				4206D92B093D5F580056509F /* Deployment */,
				4206D92C093D5F580056509F /* Default */,
			);
			defaultConfigurationIsVisible = 0;
			defaultConfigurationName = Default;
		};
		4206D92D093D5F580056509F /* Build configuration list for PBXProject "WildlifeDensity C" */ = {
			isa = XCConfigurationList;
			buildConfigurations = (
				4206D92E093D5F580056509F /* Development */,
				4206D92F093D5F580056509F /* Deployment */,
				4206D930093D5F580056509F /* Default */,
			);
			defaultConfigurationIsVisible = 0;
			defaultConfigurationName = Default;
		};
/* End XCConfigurationList section */
	};
	rootObject = 2A37F4A9FDCFA73011CA2CEA /* Project object */;
}
