// !$*UTF8*$!
{
	archiveVersion = 1;
	classes = {
	};
	objectVersion = 46;
	objects = {

/* Begin PBXBuildFile section */
		1A1341AA20B05F06005D3EBB /* Run16070.WDdata in Resources */ = {isa = PBXBuildFile; fileRef = 1A1341A920B05F06005D3EBB /* Run16070.WDdata */; };
		1A1341AD20B07348005D3EBB /* Run16070-manual a+c.results in Resources */ = {isa = PBXBuildFile; fileRef = 1A1341AB20B07347005D3EBB /* Run16070-manual a+c.results */; };
		1A1341AE20B07348005D3EBB /* Run16070.graphData in Resources */ = {isa = PBXBuildFile; fileRef = 1A1341AC20B07347005D3EBB /* Run16070.graphData */; };
		1A1341B020B07738005D3EBB /* Run16070-auto a+c.results in Resources */ = {isa = PBXBuildFile; fileRef = 1A1341AF20B07738005D3EBB /* Run16070-auto a+c.results */; };
		1A3C1B2E1089D4F9008BD5A5 /* DensityHelp.m in Sources */ = {isa = PBXBuildFile; fileRef = 1A3C1B2C1089D4F9008BD5A5 /* DensityHelp.m */; };
		1A3C1B361089D60C008BD5A5 /* WildlifeDensity Manual.pdf in Resources */ = {isa = PBXBuildFile; fileRef = 1A3C1B341089D60C008BD5A5 /* WildlifeDensity Manual.pdf */; };
		1A539AEF2042DF92000DF1C6 /* Density.xib in Resources */ = {isa = PBXBuildFile; fileRef = 1A539AED2042DF92000DF1C6 /* Density.xib */; };
		1A86DC431F0BD4560040D614 /* Run05074.WDdata in Resources */ = {isa = PBXBuildFile; fileRef = 1A86DC421F0BD4560040D614 /* Run05074.WDdata */; };
		1A86DC461F0BD4C00040D614 /* Run05074.graphData in Resources */ = {isa = PBXBuildFile; fileRef = 1A86DC441F0BD4C00040D614 /* Run05074.graphData */; };
		1A86DC471F0BD4C00040D614 /* Run05074.results in Resources */ = {isa = PBXBuildFile; fileRef = 1A86DC451F0BD4C00040D614 /* Run05074.results */; };
		1A9534E209F10EC6002E1E3A /* Dataset Icon.icns in Resources */ = {isa = PBXBuildFile; fileRef = 1A9534E109F10EC6002E1E3A /* Dataset Icon.icns */; };
		1AB250360C19AA18000920F2 /* Graph Results Plot macro in Resources */ = {isa = PBXBuildFile; fileRef = 1AB250350C19AA18000920F2 /* Graph Results Plot macro */; };
		1AD5A83D1EEC023200E782AA /* WildlifeDensity_Tests.m in Sources */ = {isa = PBXBuildFile; fileRef = 1AD5A83C1EEC023200E782AA /* WildlifeDensity_Tests.m */; };
		1AD5A8461EEC02CB00E782AA /* PRNGTest.m in Sources */ = {isa = PBXBuildFile; fileRef = 1AD5A8451EEC02CB00E782AA /* PRNGTest.m */; };
		1AD5A8611EEC030F00E782AA /* Run04038y.WDdata in Resources */ = {isa = PBXBuildFile; fileRef = 1AD5A84B1EEC030F00E782AA /* Run04038y.WDdata */; };
		1AD5A86A1EEC030F00E782AA /* Run04096.WDdata in Resources */ = {isa = PBXBuildFile; fileRef = 1AD5A8551EEC030F00E782AA /* Run04096.WDdata */; };
		1AD5A86D1EEC030F00E782AA /* Run04038y.graphData in Resources */ = {isa = PBXBuildFile; fileRef = 1AD5A8591EEC030F00E782AA /* Run04038y.graphData */; };
		1AD5A86E1EEC030F00E782AA /* Run04038y.results in Resources */ = {isa = PBXBuildFile; fileRef = 1AD5A85A1EEC030F00E782AA /* Run04038y.results */; };
		1AD5A8711EEC030F00E782AA /* Run04096.graphData in Resources */ = {isa = PBXBuildFile; fileRef = 1AD5A85D1EEC030F00E782AA /* Run04096.graphData */; };
		1AD5A8721EEC030F00E782AA /* Run04096.results in Resources */ = {isa = PBXBuildFile; fileRef = 1AD5A85E1EEC030F00E782AA /* Run04096.results */; };
		420B005706C6E99600695CAB /* DensityController.m in Sources */ = {isa = PBXBuildFile; fileRef = 420B005506C6E99600695CAB /* DensityController.m */; };
		420B007406C6EED000695CAB /* Density.m in Sources */ = {isa = PBXBuildFile; fileRef = 420B007206C6EED000695CAB /* Density.m */; };
		422BF475074B760D00FE654A /* WildlifeDensity Icon.icns in Resources */ = {isa = PBXBuildFile; fileRef = 422BF474074B760D00FE654A /* WildlifeDensity Icon.icns */; };
		4231405313979E30000F35F7 /* mnps2.c in Sources */ = {isa = PBXBuildFile; fileRef = 4231405213979E30000F35F7 /* mnps2.c */; };
		8D15AC2C0486D014006FF6A4 /* Credits.rtf in Resources */ = {isa = PBXBuildFile; fileRef = 2A37F4B9FDCFA73011CA2CEA /* Credits.rtf */; };
		8D15AC2D0486D014006FF6A4 /* MainMenu.nib in Resources */ = {isa = PBXBuildFile; fileRef = 2A37F4B6FDCFA73011CA2CEA /* MainMenu.nib */; };
		8D15AC2F0486D014006FF6A4 /* InfoPlist.strings in Resources */ = {isa = PBXBuildFile; fileRef = 089C165FFE840EACC02AAC07 /* InfoPlist.strings */; };
		8D15AC320486D014006FF6A4 /* main.m in Sources */ = {isa = PBXBuildFile; fileRef = 2A37F4B0FDCFA73011CA2CEA /* main.m */; settings = {ATTRIBUTES = (); }; };
		8D15AC340486D014006FF6A4 /* Cocoa.framework in Frameworks */ = {isa = PBXBuildFile; fileRef = 1058C7A7FEA54F5311CA2CBB /* Cocoa.framework */; };
		AC9DDA4E160B431900AB1A89 /* GraphKit.framework in Frameworks */ = {isa = PBXBuildFile; fileRef = AC9DDA4D160B431900AB1A89 /* GraphKit.framework */; };
		AC9DDA51160B435200AB1A89 /* GraphData.m in Sources */ = {isa = PBXBuildFile; fileRef = AC9DDA50160B435200AB1A89 /* GraphData.m */; };
		ACFF017E1609EA65009EDB79 /* GraphData.xib in Resources */ = {isa = PBXBuildFile; fileRef = ACFF017C1609EA65009EDB79 /* GraphData.xib */; };
/* End PBXBuildFile section */

/* Begin PBXContainerItemProxy section */
		1AD5A83F1EEC023200E782AA /* PBXContainerItemProxy */ = {
			isa = PBXContainerItemProxy;
			containerPortal = 2A37F4A9FDCFA73011CA2CEA /* Project object */;
			proxyType = 1;
			remoteGlobalIDString = 8D15AC270486D014006FF6A4;
			remoteInfo = WildlifeDensity;
		};
/* End PBXContainerItemProxy section */

/* Begin PBXFileReference section */
		089C1660FE840EACC02AAC07 /* English */ = {isa = PBXFileReference; fileEncoding = 10; lastKnownFileType = text.plist.strings; name = English; path = English.lproj/InfoPlist.strings; sourceTree = "<group>"; };
		1058C7A7FEA54F5311CA2CBB /* Cocoa.framework */ = {isa = PBXFileReference; lastKnownFileType = wrapper.framework; name = Cocoa.framework; path = /System/Library/Frameworks/Cocoa.framework; sourceTree = "<absolute>"; };
		1A1341A920B05F06005D3EBB /* Run16070.WDdata */ = {isa = PBXFileReference; fileEncoding = 4; lastKnownFileType = text; path = Run16070.WDdata; sourceTree = "<group>"; };
		1A1341AB20B07347005D3EBB /* Run16070-manual a+c.results */ = {isa = PBXFileReference; fileEncoding = 4; lastKnownFileType = text; path = "Run16070-manual a+c.results"; sourceTree = "<group>"; };
		1A1341AC20B07347005D3EBB /* Run16070.graphData */ = {isa = PBXFileReference; fileEncoding = 4; lastKnownFileType = text; path = Run16070.graphData; sourceTree = "<group>"; };
		1A1341AF20B07738005D3EBB /* Run16070-auto a+c.results */ = {isa = PBXFileReference; fileEncoding = 4; lastKnownFileType = text; path = "Run16070-auto a+c.results"; sourceTree = "<group>"; };
		1A3C1B2C1089D4F9008BD5A5 /* DensityHelp.m */ = {isa = PBXFileReference; fileEncoding = 4; lastKnownFileType = sourcecode.c.objc; path = DensityHelp.m; sourceTree = "<group>"; };
		1A3C1B2D1089D4F9008BD5A5 /* DensityHelp.h */ = {isa = PBXFileReference; fileEncoding = 4; lastKnownFileType = sourcecode.c.h; path = DensityHelp.h; sourceTree = "<group>"; };
		1A3C1B351089D60C008BD5A5 /* English */ = {isa = PBXFileReference; lastKnownFileType = image.pdf; name = English; path = "English.lproj/WildlifeDensity Manual.pdf"; sourceTree = "<group>"; };
		1A539AEE2042DF92000DF1C6 /* English */ = {isa = PBXFileReference; lastKnownFileType = file.xib; name = English; path = English.lproj/Density.xib; sourceTree = "<group>"; };
		1A86DC421F0BD4560040D614 /* Run05074.WDdata */ = {isa = PBXFileReference; fileEncoding = 4; lastKnownFileType = text; path = Run05074.WDdata; sourceTree = "<group>"; };
		1A86DC441F0BD4C00040D614 /* Run05074.graphData */ = {isa = PBXFileReference; fileEncoding = 4; lastKnownFileType = text; path = Run05074.graphData; sourceTree = "<group>"; };
		1A86DC451F0BD4C00040D614 /* Run05074.results */ = {isa = PBXFileReference; fileEncoding = 4; lastKnownFileType = text; path = Run05074.results; sourceTree = "<group>"; };
		1A9534E109F10EC6002E1E3A /* Dataset Icon.icns */ = {isa = PBXFileReference; lastKnownFileType = image.icns; path = "Dataset Icon.icns"; sourceTree = "<group>"; };
		1AB250350C19AA18000920F2 /* Graph Results Plot macro */ = {isa = PBXFileReference; fileEncoding = 4; lastKnownFileType = text; path = "Graph Results Plot macro"; sourceTree = "<group>"; };
		1AD5A83A1EEC023200E782AA /* WildlifeDensity Tests.xctest */ = {isa = PBXFileReference; explicitFileType = wrapper.cfbundle; includeInIndex = 0; path = "WildlifeDensity Tests.xctest"; sourceTree = BUILT_PRODUCTS_DIR; };
		1AD5A83C1EEC023200E782AA /* WildlifeDensity_Tests.m */ = {isa = PBXFileReference; lastKnownFileType = sourcecode.c.objc; path = WildlifeDensity_Tests.m; sourceTree = "<group>"; };
		1AD5A83E1EEC023200E782AA /* Info.plist */ = {isa = PBXFileReference; lastKnownFileType = text.plist.xml; path = Info.plist; sourceTree = "<group>"; };
		1AD5A8451EEC02CB00E782AA /* PRNGTest.m */ = {isa = PBXFileReference; fileEncoding = 4; lastKnownFileType = sourcecode.c.objc; path = PRNGTest.m; sourceTree = "<group>"; };
		1AD5A84B1EEC030F00E782AA /* Run04038y.WDdata */ = {isa = PBXFileReference; fileEncoding = 4; lastKnownFileType = text; path = Run04038y.WDdata; sourceTree = "<group>"; };
		1AD5A8551EEC030F00E782AA /* Run04096.WDdata */ = {isa = PBXFileReference; fileEncoding = 4; lastKnownFileType = text; path = Run04096.WDdata; sourceTree = "<group>"; };
		1AD5A8591EEC030F00E782AA /* Run04038y.graphData */ = {isa = PBXFileReference; fileEncoding = 4; lastKnownFileType = text; path = Run04038y.graphData; sourceTree = "<group>"; };
		1AD5A85A1EEC030F00E782AA /* Run04038y.results */ = {isa = PBXFileReference; fileEncoding = 4; lastKnownFileType = text; path = Run04038y.results; sourceTree = "<group>"; };
		1AD5A85D1EEC030F00E782AA /* Run04096.graphData */ = {isa = PBXFileReference; fileEncoding = 4; lastKnownFileType = text; path = Run04096.graphData; sourceTree = "<group>"; };
		1AD5A85E1EEC030F00E782AA /* Run04096.results */ = {isa = PBXFileReference; fileEncoding = 4; lastKnownFileType = text; path = Run04096.results; sourceTree = "<group>"; };
		2A37F4B0FDCFA73011CA2CEA /* main.m */ = {isa = PBXFileReference; fileEncoding = 4; lastKnownFileType = sourcecode.c.objc; path = main.m; sourceTree = "<group>"; };
		2A37F4B7FDCFA73011CA2CEA /* English */ = {isa = PBXFileReference; lastKnownFileType = wrapper.nib; name = English; path = English.lproj/MainMenu.nib; sourceTree = "<group>"; };
		2A37F4BAFDCFA73011CA2CEA /* English */ = {isa = PBXFileReference; lastKnownFileType = text.rtf; name = English; path = English.lproj/Credits.rtf; sourceTree = "<group>"; };
		2A37F4C4FDCFA73011CA2CEA /* AppKit.framework */ = {isa = PBXFileReference; lastKnownFileType = wrapper.framework; name = AppKit.framework; path = /System/Library/Frameworks/AppKit.framework; sourceTree = "<absolute>"; };
		2A37F4C5FDCFA73011CA2CEA /* Foundation.framework */ = {isa = PBXFileReference; lastKnownFileType = wrapper.framework; name = Foundation.framework; path = /System/Library/Frameworks/Foundation.framework; sourceTree = "<absolute>"; };
		32DBCF750370BD2300C91783 /* WildlifeDensity_Prefix.pch */ = {isa = PBXFileReference; fileEncoding = 4; lastKnownFileType = sourcecode.c.h; path = WildlifeDensity_Prefix.pch; sourceTree = "<group>"; };
		420B005406C6E99600695CAB /* DensityController.h */ = {isa = PBXFileReference; fileEncoding = 7; lastKnownFileType = sourcecode.c.h; path = DensityController.h; sourceTree = "<group>"; };
		420B005506C6E99600695CAB /* DensityController.m */ = {isa = PBXFileReference; fileEncoding = 7; lastKnownFileType = sourcecode.c.objc; path = DensityController.m; sourceTree = "<group>"; };
		420B007106C6EED000695CAB /* Density.h */ = {isa = PBXFileReference; fileEncoding = 7; lastKnownFileType = sourcecode.c.h; path = Density.h; sourceTree = "<group>"; };
		420B007206C6EED000695CAB /* Density.m */ = {isa = PBXFileReference; fileEncoding = 7; lastKnownFileType = sourcecode.c.objc; path = Density.m; sourceTree = "<group>"; };
		422BF474074B760D00FE654A /* WildlifeDensity Icon.icns */ = {isa = PBXFileReference; lastKnownFileType = image.icns; path = "WildlifeDensity Icon.icns"; sourceTree = "<group>"; };
		4231405213979E30000F35F7 /* mnps2.c */ = {isa = PBXFileReference; fileEncoding = 4; lastKnownFileType = sourcecode.c.c; path = mnps2.c; sourceTree = "<group>"; tabWidth = 8; };
		4295D9CA06C73467005558C3 /* mnps2.h */ = {isa = PBXFileReference; fileEncoding = 4; indentWidth = 4; lastKnownFileType = sourcecode.c.h; path = mnps2.h; sourceTree = "<group>"; tabWidth = 4; usesTabs = 0; };
		8D15AC360486D014006FF6A4 /* Info.plist */ = {isa = PBXFileReference; fileEncoding = 4; lastKnownFileType = text.plist; path = Info.plist; sourceTree = "<group>"; };
		8D15AC370486D014006FF6A4 /* WildlifeDensity.app */ = {isa = PBXFileReference; explicitFileType = wrapper.application; includeInIndex = 0; path = WildlifeDensity.app; sourceTree = BUILT_PRODUCTS_DIR; };
		AC9DDA45160B427100AB1A89 /* GRAreaDataSet.h */ = {isa = PBXFileReference; fileEncoding = 4; lastKnownFileType = sourcecode.c.h; path = GRAreaDataSet.h; sourceTree = "<group>"; };
		AC9DDA46160B427100AB1A89 /* GRAxes.h */ = {isa = PBXFileReference; fileEncoding = 4; lastKnownFileType = sourcecode.c.h; path = GRAxes.h; sourceTree = "<group>"; };
		AC9DDA47160B427100AB1A89 /* GRChartView.h */ = {isa = PBXFileReference; fileEncoding = 4; lastKnownFileType = sourcecode.c.h; path = GRChartView.h; sourceTree = "<group>"; };
		AC9DDA48160B427100AB1A89 /* GRColumnDataSet.h */ = {isa = PBXFileReference; fileEncoding = 4; lastKnownFileType = sourcecode.c.h; path = GRColumnDataSet.h; sourceTree = "<group>"; };
		AC9DDA49160B427100AB1A89 /* GRDataSet.h */ = {isa = PBXFileReference; fileEncoding = 4; lastKnownFileType = sourcecode.c.h; path = GRDataSet.h; sourceTree = "<group>"; };
		AC9DDA4A160B427100AB1A89 /* GRLineDataSet.h */ = {isa = PBXFileReference; fileEncoding = 4; lastKnownFileType = sourcecode.c.h; path = GRLineDataSet.h; sourceTree = "<group>"; };
		AC9DDA4B160B427100AB1A89 /* GRPieDataSet.h */ = {isa = PBXFileReference; fileEncoding = 4; lastKnownFileType = sourcecode.c.h; path = GRPieDataSet.h; sourceTree = "<group>"; };
		AC9DDA4C160B427100AB1A89 /* GRXYDataSet.h */ = {isa = PBXFileReference; fileEncoding = 4; lastKnownFileType = sourcecode.c.h; path = GRXYDataSet.h; sourceTree = "<group>"; };
		AC9DDA4D160B431900AB1A89 /* GraphKit.framework */ = {isa = PBXFileReference; lastKnownFileType = wrapper.framework; name = GraphKit.framework; path = /System/Library/PrivateFrameworks/GraphKit.framework; sourceTree = "<absolute>"; };
		AC9DDA4F160B435200AB1A89 /* GraphData.h */ = {isa = PBXFileReference; fileEncoding = 4; lastKnownFileType = sourcecode.c.h; path = GraphData.h; sourceTree = "<group>"; };
		AC9DDA50160B435200AB1A89 /* GraphData.m */ = {isa = PBXFileReference; fileEncoding = 4; lastKnownFileType = sourcecode.c.objc; path = GraphData.m; sourceTree = "<group>"; };
		ACFF017D1609EA65009EDB79 /* English */ = {isa = PBXFileReference; lastKnownFileType = file.xib; name = English; path = English.lproj/GraphData.xib; sourceTree = "<group>"; };
/* End PBXFileReference section */

/* Begin PBXFrameworksBuildPhase section */
		1AD5A8371EEC023200E782AA /* Frameworks */ = {
			isa = PBXFrameworksBuildPhase;
			buildActionMask = 2147483647;
			files = (
			);
			runOnlyForDeploymentPostprocessing = 0;
		};
		8D15AC330486D014006FF6A4 /* Frameworks */ = {
			isa = PBXFrameworksBuildPhase;
			buildActionMask = 2147483647;
			files = (
				8D15AC340486D014006FF6A4 /* Cocoa.framework in Frameworks */,
				AC9DDA4E160B431900AB1A89 /* GraphKit.framework in Frameworks */,
			);
			runOnlyForDeploymentPostprocessing = 0;
		};
/* End PBXFrameworksBuildPhase section */

/* Begin PBXGroup section */
		1058C7A6FEA54F5311CA2CBB /* Linked Frameworks */ = {
			isa = PBXGroup;
			children = (
				1058C7A7FEA54F5311CA2CBB /* Cocoa.framework */,
			);
			name = "Linked Frameworks";
			sourceTree = "<group>";
		};
		1058C7A8FEA54F5311CA2CBB /* Other Frameworks */ = {
			isa = PBXGroup;
			children = (
				2A37F4C5FDCFA73011CA2CEA /* Foundation.framework */,
				2A37F4C4FDCFA73011CA2CEA /* AppKit.framework */,
			);
			name = "Other Frameworks";
			sourceTree = "<group>";
		};
		19C28FB0FE9D524F11CA2CBB /* Products */ = {
			isa = PBXGroup;
			children = (
				8D15AC370486D014006FF6A4 /* WildlifeDensity.app */,
				1AD5A83A1EEC023200E782AA /* WildlifeDensity Tests.xctest */,
			);
			name = Products;
			sourceTree = "<group>";
		};
		1A1341A820B05F06005D3EBB /* Hlmtd Hnytr Fixed Pt */ = {
			isa = PBXGroup;
			children = (
				1A1341A920B05F06005D3EBB /* Run16070.WDdata */,
			);
			path = "Hlmtd Hnytr Fixed Pt";
			sourceTree = "<group>";
		};
		1A86DC411F0BD4560040D614 /* Laake's Stakes Perp Tr */ = {
			isa = PBXGroup;
			children = (
				1A86DC421F0BD4560040D614 /* Run05074.WDdata */,
			);
			path = "Laake's Stakes Perp Tr";
			sourceTree = "<group>";
		};
		1AD5A83B1EEC023200E782AA /* WildlifeDensity Tests */ = {
			isa = PBXGroup;
			children = (
				1AD5A8471EEC030F00E782AA /* Datasets */,
				1AD5A8561EEC030F00E782AA /* Expectations */,
				1AD5A8451EEC02CB00E782AA /* PRNGTest.m */,
				1AD5A83C1EEC023200E782AA /* WildlifeDensity_Tests.m */,
				1AD5A83E1EEC023200E782AA /* Info.plist */,
			);
			path = "WildlifeDensity Tests";
			sourceTree = "<group>";
		};
		1AD5A8471EEC030F00E782AA /* Datasets */ = {
			isa = PBXGroup;
			children = (
				1A1341A820B05F06005D3EBB /* Hlmtd Hnytr Fixed Pt */,
				1A86DC411F0BD4560040D614 /* Laake's Stakes Perp Tr */,
				1AD5A8481EEC030F00E782AA /* Brshtl Possum Perp Tr */,
				1AD5A8531EEC030F00E782AA /* P'pnyl Emu r Tr */,
			);
			path = Datasets;
			sourceTree = "<group>";
		};
		1AD5A8481EEC030F00E782AA /* Brshtl Possum Perp Tr */ = {
			isa = PBXGroup;
			children = (
				1AD5A84B1EEC030F00E782AA /* Run04038y.WDdata */,
			);
			path = "Brshtl Possum Perp Tr";
			sourceTree = "<group>";
		};
		1AD5A8531EEC030F00E782AA /* P'pnyl Emu r Tr */ = {
			isa = PBXGroup;
			children = (
				1AD5A8551EEC030F00E782AA /* Run04096.WDdata */,
			);
			path = "P'pnyl Emu r Tr";
			sourceTree = "<group>";
		};
		1AD5A8561EEC030F00E782AA /* Expectations */ = {
			isa = PBXGroup;
			children = (
				1A1341AC20B07347005D3EBB /* Run16070.graphData */,
				1A1341AF20B07738005D3EBB /* Run16070-auto a+c.results */,
				1A1341AB20B07347005D3EBB /* Run16070-manual a+c.results */,
				1A86DC441F0BD4C00040D614 /* Run05074.graphData */,
				1A86DC451F0BD4C00040D614 /* Run05074.results */,
				1AD5A8591EEC030F00E782AA /* Run04038y.graphData */,
				1AD5A85A1EEC030F00E782AA /* Run04038y.results */,
				1AD5A85D1EEC030F00E782AA /* Run04096.graphData */,
				1AD5A85E1EEC030F00E782AA /* Run04096.results */,
			);
			path = Expectations;
			sourceTree = "<group>";
		};
		2A37F4AAFDCFA73011CA2CEA /* WildlifeDensity */ = {
			isa = PBXGroup;
			children = (
				2A37F4ABFDCFA73011CA2CEA /* Classes */,
				AC9DDA44160B427100AB1A89 /* GraphKit Headers */,
				2A37F4AFFDCFA73011CA2CEA /* Other Sources */,
				2A37F4B8FDCFA73011CA2CEA /* Resources */,
				1AD5A83B1EEC023200E782AA /* WildlifeDensity Tests */,
				2A37F4C3FDCFA73011CA2CEA /* Frameworks */,
				19C28FB0FE9D524F11CA2CBB /* Products */,
			);
			name = WildlifeDensity;
			sourceTree = "<group>";
		};
		2A37F4ABFDCFA73011CA2CEA /* Classes */ = {
			isa = PBXGroup;
			children = (
				1A3C1B2D1089D4F9008BD5A5 /* DensityHelp.h */,
				1A3C1B2C1089D4F9008BD5A5 /* DensityHelp.m */,
				420B005406C6E99600695CAB /* DensityController.h */,
				420B005506C6E99600695CAB /* DensityController.m */,
				420B007106C6EED000695CAB /* Density.h */,
				420B007206C6EED000695CAB /* Density.m */,
				AC9DDA4F160B435200AB1A89 /* GraphData.h */,
				AC9DDA50160B435200AB1A89 /* GraphData.m */,
			);
			name = Classes;
			sourceTree = "<group>";
		};
		2A37F4AFFDCFA73011CA2CEA /* Other Sources */ = {
			isa = PBXGroup;
			children = (
				4231405213979E30000F35F7 /* mnps2.c */,
				4295D9CA06C73467005558C3 /* mnps2.h */,
				32DBCF750370BD2300C91783 /* WildlifeDensity_Prefix.pch */,
				2A37F4B0FDCFA73011CA2CEA /* main.m */,
			);
			name = "Other Sources";
			sourceTree = "<group>";
		};
		2A37F4B8FDCFA73011CA2CEA /* Resources */ = {
			isa = PBXGroup;
			children = (
				1A3C1B341089D60C008BD5A5 /* WildlifeDensity Manual.pdf */,
				1AB250350C19AA18000920F2 /* Graph Results Plot macro */,
				422BF474074B760D00FE654A /* WildlifeDensity Icon.icns */,
				1A9534E109F10EC6002E1E3A /* Dataset Icon.icns */,
				2A37F4B9FDCFA73011CA2CEA /* Credits.rtf */,
				2A37F4B6FDCFA73011CA2CEA /* MainMenu.nib */,
				1A539AED2042DF92000DF1C6 /* Density.xib */,
				ACFF017C1609EA65009EDB79 /* GraphData.xib */,
				8D15AC360486D014006FF6A4 /* Info.plist */,
				089C165FFE840EACC02AAC07 /* InfoPlist.strings */,
			);
			name = Resources;
			sourceTree = "<group>";
		};
		2A37F4C3FDCFA73011CA2CEA /* Frameworks */ = {
			isa = PBXGroup;
			children = (
				AC9DDA4D160B431900AB1A89 /* GraphKit.framework */,
				1058C7A6FEA54F5311CA2CBB /* Linked Frameworks */,
				1058C7A8FEA54F5311CA2CBB /* Other Frameworks */,
			);
			name = Frameworks;
			sourceTree = "<group>";
		};
		AC9DDA44160B427100AB1A89 /* GraphKit Headers */ = {
			isa = PBXGroup;
			children = (
				AC9DDA45160B427100AB1A89 /* GRAreaDataSet.h */,
				AC9DDA46160B427100AB1A89 /* GRAxes.h */,
				AC9DDA47160B427100AB1A89 /* GRChartView.h */,
				AC9DDA48160B427100AB1A89 /* GRColumnDataSet.h */,
				AC9DDA49160B427100AB1A89 /* GRDataSet.h */,
				AC9DDA4A160B427100AB1A89 /* GRLineDataSet.h */,
				AC9DDA4B160B427100AB1A89 /* GRPieDataSet.h */,
				AC9DDA4C160B427100AB1A89 /* GRXYDataSet.h */,
			);
			name = "GraphKit Headers";
			path = GraphKit;
			sourceTree = "<group>";
		};
/* End PBXGroup section */

/* Begin PBXNativeTarget section */
		1AD5A8391EEC023200E782AA /* WildlifeDensity Tests */ = {
			isa = PBXNativeTarget;
			buildConfigurationList = 1AD5A8411EEC023200E782AA /* Build configuration list for PBXNativeTarget "WildlifeDensity Tests" */;
			buildPhases = (
				1AD5A8361EEC023200E782AA /* Sources */,
				1AD5A8371EEC023200E782AA /* Frameworks */,
				1AD5A8381EEC023200E782AA /* Resources */,
			);
			buildRules = (
			);
			dependencies = (
				1AD5A8401EEC023200E782AA /* PBXTargetDependency */,
			);
			name = "WildlifeDensity Tests";
			productName = "WildlifeDensity Tests";
			productReference = 1AD5A83A1EEC023200E782AA /* WildlifeDensity Tests.xctest */;
			productType = "com.apple.product-type.bundle.unit-test";
		};
		8D15AC270486D014006FF6A4 /* WildlifeDensity */ = {
			isa = PBXNativeTarget;
			buildConfigurationList = 4206D929093D5F580056509F /* Build configuration list for PBXNativeTarget "WildlifeDensity" */;
			buildPhases = (
				8D15AC2B0486D014006FF6A4 /* Resources */,
				8D15AC300486D014006FF6A4 /* Sources */,
				8D15AC330486D014006FF6A4 /* Frameworks */,
			);
			buildRules = (
			);
			dependencies = (
			);
			name = WildlifeDensity;
			productInstallPath = "$(HOME)/Applications";
			productName = WildlifeDensity;
			productReference = 8D15AC370486D014006FF6A4 /* WildlifeDensity.app */;
			productType = "com.apple.product-type.application";
		};
/* End PBXNativeTarget section */

/* Begin PBXProject section */
		2A37F4A9FDCFA73011CA2CEA /* Project object */ = {
			isa = PBXProject;
			attributes = {
				LastUpgradeCheck = 1420;
				TargetAttributes = {
					1AD5A8391EEC023200E782AA = {
						CreatedOnToolsVersion = 8.3;
						ProvisioningStyle = Automatic;
						TestTargetID = 8D15AC270486D014006FF6A4;
					};
				};
			};
			buildConfigurationList = 4206D92D093D5F580056509F /* Build configuration list for PBXProject "WildlifeDensity C" */;
			compatibilityVersion = "Xcode 3.2";
			developmentRegion = English;
			hasScannedForEncodings = 1;
			knownRegions = (
				English,
				Japanese,
				French,
				German,
			);
			mainGroup = 2A37F4AAFDCFA73011CA2CEA /* WildlifeDensity */;
			projectDirPath = "";
			projectRoot = "";
			targets = (
				8D15AC270486D014006FF6A4 /* WildlifeDensity */,
				1AD5A8391EEC023200E782AA /* WildlifeDensity Tests */,
			);
		};
/* End PBXProject section */

/* Begin PBXResourcesBuildPhase section */
		1AD5A8381EEC023200E782AA /* Resources */ = {
			isa = PBXResourcesBuildPhase;
			buildActionMask = 2147483647;
			files = (
				1A1341AD20B07348005D3EBB /* Run16070-manual a+c.results in Resources */,
				1AD5A8721EEC030F00E782AA /* Run04096.results in Resources */,
				1A86DC461F0BD4C00040D614 /* Run05074.graphData in Resources */,
				1AD5A86D1EEC030F00E782AA /* Run04038y.graphData in Resources */,
				1AD5A86A1EEC030F00E782AA /* Run04096.WDdata in Resources */,
				1A86DC431F0BD4560040D614 /* Run05074.WDdata in Resources */,
				1AD5A8711EEC030F00E782AA /* Run04096.graphData in Resources */,
				1A1341AE20B07348005D3EBB /* Run16070.graphData in Resources */,
				1A86DC471F0BD4C00040D614 /* Run05074.results in Resources */,
				1AD5A86E1EEC030F00E782AA /* Run04038y.results in Resources */,
				1AD5A8611EEC030F00E782AA /* Run04038y.WDdata in Resources */,
				1A1341B020B07738005D3EBB /* Run16070-auto a+c.results in Resources */,
				1A1341AA20B05F06005D3EBB /* Run16070.WDdata in Resources */,
			);
			runOnlyForDeploymentPostprocessing = 0;
		};
		8D15AC2B0486D014006FF6A4 /* Resources */ = {
			isa = PBXResourcesBuildPhase;
			buildActionMask = 2147483647;
			files = (
				8D15AC2C0486D014006FF6A4 /* Credits.rtf in Resources */,
				8D15AC2D0486D014006FF6A4 /* MainMenu.nib in Resources */,
				8D15AC2F0486D014006FF6A4 /* InfoPlist.strings in Resources */,
				422BF475074B760D00FE654A /* WildlifeDensity Icon.icns in Resources */,
				1A9534E209F10EC6002E1E3A /* Dataset Icon.icns in Resources */,
				1AB250360C19AA18000920F2 /* Graph Results Plot macro in Resources */,
				1A3C1B361089D60C008BD5A5 /* WildlifeDensity Manual.pdf in Resources */,
				ACFF017E1609EA65009EDB79 /* GraphData.xib in Resources */,
				1A539AEF2042DF92000DF1C6 /* Density.xib in Resources */,
			);
			runOnlyForDeploymentPostprocessing = 0;
		};
/* End PBXResourcesBuildPhase section */

/* Begin PBXSourcesBuildPhase section */
		1AD5A8361EEC023200E782AA /* Sources */ = {
			isa = PBXSourcesBuildPhase;
			buildActionMask = 2147483647;
			files = (
				1AD5A8461EEC02CB00E782AA /* PRNGTest.m in Sources */,
				1AD5A83D1EEC023200E782AA /* WildlifeDensity_Tests.m in Sources */,
			);
			runOnlyForDeploymentPostprocessing = 0;
		};
		8D15AC300486D014006FF6A4 /* Sources */ = {
			isa = PBXSourcesBuildPhase;
			buildActionMask = 2147483647;
			files = (
				8D15AC320486D014006FF6A4 /* main.m in Sources */,
				420B005706C6E99600695CAB /* DensityController.m in Sources */,
				420B007406C6EED000695CAB /* Density.m in Sources */,
				1A3C1B2E1089D4F9008BD5A5 /* DensityHelp.m in Sources */,
				4231405313979E30000F35F7 /* mnps2.c in Sources */,
				AC9DDA51160B435200AB1A89 /* GraphData.m in Sources */,
			);
			runOnlyForDeploymentPostprocessing = 0;
		};
/* End PBXSourcesBuildPhase section */

/* Begin PBXTargetDependency section */
		1AD5A8401EEC023200E782AA /* PBXTargetDependency */ = {
			isa = PBXTargetDependency;
			target = 8D15AC270486D014006FF6A4 /* WildlifeDensity */;
			targetProxy = 1AD5A83F1EEC023200E782AA /* PBXContainerItemProxy */;
		};
/* End PBXTargetDependency section */

/* Begin PBXVariantGroup section */
		089C165FFE840EACC02AAC07 /* InfoPlist.strings */ = {
			isa = PBXVariantGroup;
			children = (
				089C1660FE840EACC02AAC07 /* English */,
			);
			name = InfoPlist.strings;
			sourceTree = "<group>";
		};
		1A3C1B341089D60C008BD5A5 /* WildlifeDensity Manual.pdf */ = {
			isa = PBXVariantGroup;
			children = (
				1A3C1B351089D60C008BD5A5 /* English */,
			);
			name = "WildlifeDensity Manual.pdf";
			sourceTree = "<group>";
		};
		1A539AED2042DF92000DF1C6 /* Density.xib */ = {
			isa = PBXVariantGroup;
			children = (
				1A539AEE2042DF92000DF1C6 /* English */,
			);
			name = Density.xib;
			sourceTree = "<group>";
		};
		2A37F4B6FDCFA73011CA2CEA /* MainMenu.nib */ = {
			isa = PBXVariantGroup;
			children = (
				2A37F4B7FDCFA73011CA2CEA /* English */,
			);
			name = MainMenu.nib;
			sourceTree = "<group>";
		};
		2A37F4B9FDCFA73011CA2CEA /* Credits.rtf */ = {
			isa = PBXVariantGroup;
			children = (
				2A37F4BAFDCFA73011CA2CEA /* English */,
			);
			name = Credits.rtf;
			sourceTree = "<group>";
		};
		ACFF017C1609EA65009EDB79 /* GraphData.xib */ = {
			isa = PBXVariantGroup;
			children = (
				ACFF017D1609EA65009EDB79 /* English */,
			);
			name = GraphData.xib;
			sourceTree = "<group>";
		};
/* End PBXVariantGroup section */

/* Begin XCBuildConfiguration section */
		1AD5A8421EEC023200E782AA /* Development */ = {
			isa = XCBuildConfiguration;
			buildSettings = {
				ALWAYS_SEARCH_USER_PATHS = NO;
				BUNDLE_LOADER = "$(TEST_HOST)";
				CLANG_ANALYZER_NONNULL = YES;
				CLANG_ANALYZER_NUMBER_OBJECT_CONVERSION = YES_AGGRESSIVE;
				CLANG_CXX_LANGUAGE_STANDARD = "gnu++0x";
				CLANG_CXX_LIBRARY = "libc++";
				CLANG_ENABLE_MODULES = YES;
				CLANG_ENABLE_OBJC_ARC = YES;
				CLANG_WARN_BOOL_CONVERSION = YES;
				CLANG_WARN_CONSTANT_CONVERSION = YES;
				CLANG_WARN_DIRECT_OBJC_ISA_USAGE = YES_ERROR;
				CLANG_WARN_DOCUMENTATION_COMMENTS = YES;
				CLANG_WARN_EMPTY_BODY = YES;
				CLANG_WARN_ENUM_CONVERSION = YES;
				CLANG_WARN_INFINITE_RECURSION = YES;
				CLANG_WARN_INT_CONVERSION = YES;
				CLANG_WARN_OBJC_ROOT_CLASS = YES_ERROR;
				CLANG_WARN_SUSPICIOUS_MOVE = YES;
				CLANG_WARN_UNREACHABLE_CODE = YES;
				CLANG_WARN__DUPLICATE_METHOD_MATCH = YES;
				CODE_SIGN_IDENTITY = "-";
				COMBINE_HIDPI_IMAGES = YES;
				COPY_PHASE_STRIP = NO;
				DEBUG_INFORMATION_FORMAT = dwarf;
				ENABLE_STRICT_OBJC_MSGSEND = YES;
				ENABLE_TESTABILITY = YES;
				GCC_C_LANGUAGE_STANDARD = gnu99;
				GCC_DYNAMIC_NO_PIC = NO;
				GCC_NO_COMMON_BLOCKS = YES;
				GCC_OPTIMIZATION_LEVEL = 0;
				GCC_PREPROCESSOR_DEFINITIONS = (
					"DEBUG=1",
					"$(inherited)",
				);
				GCC_WARN_64_TO_32_BIT_CONVERSION = YES;
				GCC_WARN_ABOUT_RETURN_TYPE = YES_ERROR;
				GCC_WARN_UNDECLARED_SELECTOR = YES;
				GCC_WARN_UNINITIALIZED_AUTOS = YES_AGGRESSIVE;
				GCC_WARN_UNUSED_FUNCTION = YES;
				GCC_WARN_UNUSED_VARIABLE = YES;
				INFOPLIST_FILE = "WildlifeDensity Tests/Info.plist";
				LD_RUNPATH_SEARCH_PATHS = "$(inherited) @executable_path/../Frameworks @loader_path/../Frameworks";
				MACOSX_DEPLOYMENT_TARGET = 10.13;
				MTL_ENABLE_DEBUG_INFO = YES;
				ONLY_ACTIVE_ARCH = YES;
				PRODUCT_BUNDLE_IDENTIFIER = "au.edu.unimelb.WildlifeDensity-Tests";
				PRODUCT_NAME = "$(TARGET_NAME)";
				SDKROOT = macosx;
				TEST_HOST = "$(BUILT_PRODUCTS_DIR)/WildlifeDensity.app/Contents/MacOS/WildlifeDensity";
			};
			name = Development;
		};
		1AD5A8431EEC023200E782AA /* Deployment */ = {
			isa = XCBuildConfiguration;
			buildSettings = {
				ALWAYS_SEARCH_USER_PATHS = NO;
				BUNDLE_LOADER = "$(TEST_HOST)";
				CLANG_ANALYZER_NONNULL = YES;
				CLANG_ANALYZER_NUMBER_OBJECT_CONVERSION = YES_AGGRESSIVE;
				CLANG_CXX_LANGUAGE_STANDARD = "gnu++0x";
				CLANG_CXX_LIBRARY = "libc++";
				CLANG_ENABLE_MODULES = YES;
				CLANG_ENABLE_OBJC_ARC = YES;
				CLANG_WARN_BOOL_CONVERSION = YES;
				CLANG_WARN_CONSTANT_CONVERSION = YES;
				CLANG_WARN_DIRECT_OBJC_ISA_USAGE = YES_ERROR;
				CLANG_WARN_DOCUMENTATION_COMMENTS = YES;
				CLANG_WARN_EMPTY_BODY = YES;
				CLANG_WARN_ENUM_CONVERSION = YES;
				CLANG_WARN_INFINITE_RECURSION = YES;
				CLANG_WARN_INT_CONVERSION = YES;
				CLANG_WARN_OBJC_ROOT_CLASS = YES_ERROR;
				CLANG_WARN_SUSPICIOUS_MOVE = YES;
				CLANG_WARN_UNREACHABLE_CODE = YES;
				CLANG_WARN__DUPLICATE_METHOD_MATCH = YES;
				CODE_SIGN_IDENTITY = "-";
				COMBINE_HIDPI_IMAGES = YES;
				COPY_PHASE_STRIP = NO;
				DEBUG_INFORMATION_FORMAT = "dwarf-with-dsym";
				ENABLE_NS_ASSERTIONS = NO;
				ENABLE_STRICT_OBJC_MSGSEND = YES;
				GCC_C_LANGUAGE_STANDARD = gnu99;
				GCC_NO_COMMON_BLOCKS = YES;
				GCC_WARN_64_TO_32_BIT_CONVERSION = YES;
				GCC_WARN_ABOUT_RETURN_TYPE = YES_ERROR;
				GCC_WARN_UNDECLARED_SELECTOR = YES;
				GCC_WARN_UNINITIALIZED_AUTOS = YES_AGGRESSIVE;
				GCC_WARN_UNUSED_FUNCTION = YES;
				GCC_WARN_UNUSED_VARIABLE = YES;
				INFOPLIST_FILE = "WildlifeDensity Tests/Info.plist";
				LD_RUNPATH_SEARCH_PATHS = "$(inherited) @executable_path/../Frameworks @loader_path/../Frameworks";
				MTL_ENABLE_DEBUG_INFO = NO;
				PRODUCT_BUNDLE_IDENTIFIER = "au.edu.unimelb.WildlifeDensity-Tests";
				PRODUCT_NAME = "$(TARGET_NAME)";
				SDKROOT = macosx;
				TEST_HOST = "$(BUILT_PRODUCTS_DIR)/WildlifeDensity.app/Contents/MacOS/WildlifeDensity";
			};
			name = Deployment;
		};
		1AD5A8441EEC023200E782AA /* Default */ = {
			isa = XCBuildConfiguration;
			buildSettings = {
				ALWAYS_SEARCH_USER_PATHS = NO;
				BUNDLE_LOADER = "$(TEST_HOST)";
				CLANG_ANALYZER_NONNULL = YES;
				CLANG_ANALYZER_NUMBER_OBJECT_CONVERSION = YES_AGGRESSIVE;
				CLANG_CXX_LANGUAGE_STANDARD = "gnu++0x";
				CLANG_CXX_LIBRARY = "libc++";
				CLANG_ENABLE_MODULES = YES;
				CLANG_ENABLE_OBJC_ARC = YES;
				CLANG_WARN_BOOL_CONVERSION = YES;
				CLANG_WARN_CONSTANT_CONVERSION = YES;
				CLANG_WARN_DIRECT_OBJC_ISA_USAGE = YES_ERROR;
				CLANG_WARN_DOCUMENTATION_COMMENTS = YES;
				CLANG_WARN_EMPTY_BODY = YES;
				CLANG_WARN_ENUM_CONVERSION = YES;
				CLANG_WARN_INFINITE_RECURSION = YES;
				CLANG_WARN_INT_CONVERSION = YES;
				CLANG_WARN_OBJC_ROOT_CLASS = YES_ERROR;
				CLANG_WARN_SUSPICIOUS_MOVE = YES;
				CLANG_WARN_UNREACHABLE_CODE = YES;
				CLANG_WARN__DUPLICATE_METHOD_MATCH = YES;
				CODE_SIGN_IDENTITY = "-";
				COMBINE_HIDPI_IMAGES = YES;
				COPY_PHASE_STRIP = NO;
				DEBUG_INFORMATION_FORMAT = "dwarf-with-dsym";
				ENABLE_NS_ASSERTIONS = NO;
				ENABLE_STRICT_OBJC_MSGSEND = YES;
				GCC_C_LANGUAGE_STANDARD = gnu99;
				GCC_NO_COMMON_BLOCKS = YES;
				GCC_WARN_64_TO_32_BIT_CONVERSION = YES;
				GCC_WARN_ABOUT_RETURN_TYPE = YES_ERROR;
				GCC_WARN_UNDECLARED_SELECTOR = YES;
				GCC_WARN_UNINITIALIZED_AUTOS = YES_AGGRESSIVE;
				GCC_WARN_UNUSED_FUNCTION = YES;
				GCC_WARN_UNUSED_VARIABLE = YES;
				INFOPLIST_FILE = "WildlifeDensity Tests/Info.plist";
				LD_RUNPATH_SEARCH_PATHS = "$(inherited) @executable_path/../Frameworks @loader_path/../Frameworks";
				MTL_ENABLE_DEBUG_INFO = NO;
				PRODUCT_BUNDLE_IDENTIFIER = "au.edu.unimelb.WildlifeDensity-Tests";
				PRODUCT_NAME = "$(TARGET_NAME)";
				SDKROOT = macosx;
				TEST_HOST = "$(BUILT_PRODUCTS_DIR)/WildlifeDensity.app/Contents/MacOS/WildlifeDensity";
			};
			name = Default;
		};
		4206D92A093D5F580056509F /* Development */ = {
			isa = XCBuildConfiguration;
			buildSettings = {
				CLANG_ENABLE_OBJC_WEAK = YES;
				COPY_PHASE_STRIP = NO;
				FRAMEWORK_SEARCH_PATHS = (
					"$(inherited)",
					"\"$(SYSTEM_LIBRARY_DIR)/PrivateFrameworks\"",
				);
				GCC_C_LANGUAGE_STANDARD = c99;
				GCC_DYNAMIC_NO_PIC = NO;
				GCC_ENABLE_FIX_AND_CONTINUE = YES;
				GCC_GENERATE_DEBUGGING_SYMBOLS = YES;
				GCC_OPTIMIZATION_LEVEL = 0;
				GCC_PRECOMPILE_PREFIX_HEADER = NO;
				GCC_PREFIX_HEADER = WildlifeDensity_Prefix.pch;
				INFOPLIST_FILE = Info.plist;
				INSTALL_PATH = "$(HOME)/Applications";
				LIBRARY_SEARCH_PATHS = "";
				LIBRARY_STYLE = DYNAMIC;
				MACOSX_DEPLOYMENT_TARGET = 10.13;
				PRODUCT_BUNDLE_IDENTIFIER = au.edu.unimelb.zoology.wildlifedensity;
				PRODUCT_NAME = WildlifeDensity;
				WRAPPER_EXTENSION = app;
				ZERO_LINK = YES;
			};
			name = Development;
		};
		4206D92B093D5F580056509F /* Deployment */ = {
			isa = XCBuildConfiguration;
			buildSettings = {
				CLANG_ENABLE_OBJC_WEAK = YES;
				COPY_PHASE_STRIP = YES;
				FRAMEWORK_SEARCH_PATHS = (
					"$(inherited)",
					"\"$(SYSTEM_LIBRARY_DIR)/PrivateFrameworks\"",
				);
				GCC_C_LANGUAGE_STANDARD = c99;
				GCC_ENABLE_FIX_AND_CONTINUE = NO;
				GCC_GENERATE_DEBUGGING_SYMBOLS = NO;
				GCC_PRECOMPILE_PREFIX_HEADER = NO;
				GCC_PREFIX_HEADER = WildlifeDensity_Prefix.pch;
				INFOPLIST_FILE = Info.plist;
				INSTALL_PATH = "$(HOME)/Applications";
				LIBRARY_SEARCH_PATHS = "";
				LIBRARY_STYLE = DYNAMIC;
				PRODUCT_BUNDLE_IDENTIFIER = au.edu.unimelb.zoology.wildlifedensity;
				PRODUCT_NAME = WildlifeDensity;
				WRAPPER_EXTENSION = app;
				ZERO_LINK = NO;
			};
			name = Deployment;
		};
		4206D92C093D5F580056509F /* Default */ = {
			isa = XCBuildConfiguration;
			buildSettings = {
				CLANG_ENABLE_OBJC_WEAK = YES;
				FRAMEWORK_SEARCH_PATHS = (
					"$(inherited)",
					"\"$(SYSTEM_LIBRARY_DIR)/PrivateFrameworks\"",
				);
				GCC_C_LANGUAGE_STANDARD = c99;
				GCC_ENABLE_FIX_AND_CONTINUE = NO;
				GCC_GENERATE_DEBUGGING_SYMBOLS = NO;
				GCC_PRECOMPILE_PREFIX_HEADER = NO;
				GCC_PREFIX_HEADER = WildlifeDensity_Prefix.pch;
				INFOPLIST_FILE = Info.plist;
				INSTALL_PATH = "$(HOME)/Applications";
				LIBRARY_SEARCH_PATHS = "";
				LIBRARY_STYLE = DYNAMIC;
				MACOSX_DEPLOYMENT_TARGET = 12.5;
				PRODUCT_BUNDLE_IDENTIFIER = au.edu.unimelb.zoology.wildlifedensity;
				PRODUCT_NAME = WildlifeDensity;
				WRAPPER_EXTENSION = app;
			};
			name = Default;
		};
		4206D92E093D5F580056509F /* Development */ = {
			isa = XCBuildConfiguration;
			buildSettings = {
				ARCHS = "$(NATIVE_ARCH_ACTUAL)";
				CLANG_ANALYZER_LOCALIZABILITY_NONLOCALIZED = YES;
				CLANG_WARN_BOOL_CONVERSION = YES;
				CLANG_WARN_CONSTANT_CONVERSION = YES;
				CLANG_WARN_EMPTY_BODY = YES;
				CLANG_WARN_ENUM_CONVERSION = YES;
				CLANG_WARN_INFINITE_RECURSION = YES;
				CLANG_WARN_INT_CONVERSION = YES;
				CLANG_WARN_SUSPICIOUS_MOVE = YES;
				CLANG_WARN_UNREACHABLE_CODE = YES;
				CLANG_WARN__DUPLICATE_METHOD_MATCH = YES;
				DEAD_CODE_STRIPPING = YES;
				ENABLE_STRICT_OBJC_MSGSEND = YES;
				ENABLE_TESTABILITY = YES;
				GCC_NO_COMMON_BLOCKS = YES;
				GCC_VERSION = "";
				"GCC_VERSION[sdk=macosx10.5][arch=ppc]" = 4.0;
				GCC_WARN_64_TO_32_BIT_CONVERSION = YES;
				GCC_WARN_ABOUT_RETURN_TYPE = YES;
				GCC_WARN_UNDECLARED_SELECTOR = YES;
				GCC_WARN_UNINITIALIZED_AUTOS = YES;
				GCC_WARN_UNUSED_FUNCTION = YES;
				GCC_WARN_UNUSED_VARIABLE = YES;
				ONLY_ACTIVE_ARCH = YES;
				SDKROOT = macosx;
			};
			name = Development;
		};
		4206D92F093D5F580056509F /* Deployment */ = {
			isa = XCBuildConfiguration;
			buildSettings = {
				ARCHS = "$(ARCHS_STANDARD_32_64_BIT_PRE_XCODE_3_1)";
				ARCHS_STANDARD_32_64_BIT_PRE_XCODE_3_1 = "x86_64 i386 ppc";
				CLANG_ANALYZER_LOCALIZABILITY_NONLOCALIZED = YES;
				CLANG_WARN_BOOL_CONVERSION = YES;
				CLANG_WARN_CONSTANT_CONVERSION = YES;
				CLANG_WARN_EMPTY_BODY = YES;
				CLANG_WARN_ENUM_CONVERSION = YES;
				CLANG_WARN_INFINITE_RECURSION = YES;
				CLANG_WARN_INT_CONVERSION = YES;
				CLANG_WARN_SUSPICIOUS_MOVE = YES;
				CLANG_WARN_UNREACHABLE_CODE = YES;
				CLANG_WARN__DUPLICATE_METHOD_MATCH = YES;
				ENABLE_STRICT_OBJC_MSGSEND = YES;
				GCC_NO_COMMON_BLOCKS = YES;
				GCC_VERSION = "";
				"GCC_VERSION[sdk=macosx10.5][arch=ppc]" = 4.0;
				GCC_WARN_64_TO_32_BIT_CONVERSION = YES;
				GCC_WARN_ABOUT_RETURN_TYPE = YES;
				GCC_WARN_UNDECLARED_SELECTOR = YES;
				GCC_WARN_UNINITIALIZED_AUTOS = YES;
				GCC_WARN_UNUSED_FUNCTION = YES;
				GCC_WARN_UNUSED_VARIABLE = YES;
				MACOSX_DEPLOYMENT_TARGET = 10.5;
				SDKROOT = macosx;
			};
			name = Deployment;
		};
		4206D930093D5F580056509F /* Default */ = {
			isa = XCBuildConfiguration;
			buildSettings = {
				CLANG_ANALYZER_LOCALIZABILITY_NONLOCALIZED = YES;
				CLANG_WARN_BOOL_CONVERSION = YES;
				CLANG_WARN_CONSTANT_CONVERSION = YES;
				CLANG_WARN_EMPTY_BODY = YES;
				CLANG_WARN_ENUM_CONVERSION = YES;
				CLANG_WARN_INFINITE_RECURSION = YES;
				CLANG_WARN_INT_CONVERSION = YES;
				CLANG_WARN_SUSPICIOUS_MOVE = YES;
				CLANG_WARN_UNREACHABLE_CODE = YES;
				CLANG_WARN__DUPLICATE_METHOD_MATCH = YES;
				DEAD_CODE_STRIPPING = YES;
				ENABLE_STRICT_OBJC_MSGSEND = YES;
				GCC_NO_COMMON_BLOCKS = YES;
				"GCC_VERSION[sdk=macosx10.5][arch=ppc]" = 4.0;
				GCC_WARN_64_TO_32_BIT_CONVERSION = YES;
				GCC_WARN_ABOUT_RETURN_TYPE = YES;
				GCC_WARN_UNDECLARED_SELECTOR = YES;
				GCC_WARN_UNINITIALIZED_AUTOS = YES;
				GCC_WARN_UNUSED_FUNCTION = YES;
				GCC_WARN_UNUSED_VARIABLE = YES;
				"MACOSX_DEPLOYMENT_TARGET[arch=ppc]" = 10.5;
				SDKROOT = macosx;
			};
			name = Default;
		};
/* End XCBuildConfiguration section */

/* Begin XCConfigurationList section */
		1AD5A8411EEC023200E782AA /* Build configuration list for PBXNativeTarget "WildlifeDensity Tests" */ = {
			isa = XCConfigurationList;
			buildConfigurations = (
				1AD5A8421EEC023200E782AA /* Development */,
				1AD5A8431EEC023200E782AA /* Deployment */,
				1AD5A8441EEC023200E782AA /* Default */,
			);
			defaultConfigurationIsVisible = 0;
			defaultConfigurationName = Default;
		};
		4206D929093D5F580056509F /* Build configuration list for PBXNativeTarget "WildlifeDensity" */ = {
			isa = XCConfigurationList;
			buildConfigurations = (
				4206D92A093D5F580056509F /* Development */,
				4206D92B093D5F580056509F /* Deployment */,
				4206D92C093D5F580056509F /* Default */,
			);
			defaultConfigurationIsVisible = 0;
			defaultConfigurationName = Default;
		};
		4206D92D093D5F580056509F /* Build configuration list for PBXProject "WildlifeDensity C" */ = {
			isa = XCConfigurationList;
			buildConfigurations = (
				4206D92E093D5F580056509F /* Development */,
				4206D92F093D5F580056509F /* Deployment */,
				4206D930093D5F580056509F /* Default */,
			);
			defaultConfigurationIsVisible = 0;
			defaultConfigurationName = Default;
		};
/* End XCConfigurationList section */
	};
	rootObject = 2A37F4A9FDCFA73011CA2CEA /* Project object */;
}
