// !$*UTF8*$!
{
	archiveVersion = 1;
	classes = {
	};
	objectVersion = 42;
	objects = {

/* Begin PBXBuildFile section */
		1A0EEFB70997831D0040534B /* libgfortran.a in Frameworks */ = {isa = PBXBuildFile; fileRef = 1A0EEFB60997831D0040534B /* libgfortran.a */; };
		1A221BD1071BCDDB00596C57 /* mnps2.f in Sources */ = {isa = PBXBuildFile; fileRef = 420B008E06C6F75800695CAB /* mnps2.f */; settings = {COMPILER_FLAGS = "-Wx,-qthreaded"; }; };
		1A9534E209F10EC6002E1E3A /* Dataset Icon.icns in Resources */ = {isa = PBXBuildFile; fileRef = 1A9534E109F10EC6002E1E3A /* Dataset Icon.icns */; };
		420B005106C6E96000695CAB /* Density.nib in Resources */ = {isa = PBXBuildFile; fileRef = 420B004F06C6E96000695CAB /* Density.nib */; };
		420B005606C6E99600695CAB /* DensityController.h in Resources */ = {isa = PBXBuildFile; fileRef = 420B005406C6E99600695CAB /* DensityController.h */; };
		420B005706C6E99600695CAB /* DensityController.m in Sources */ = {isa = PBXBuildFile; fileRef = 420B005506C6E99600695CAB /* DensityController.m */; };
		420B007306C6EED000695CAB /* Density.h in Resources */ = {isa = PBXBuildFile; fileRef = 420B007106C6EED000695CAB /* Density.h */; };
		420B007406C6EED000695CAB /* Density.m in Sources */ = {isa = PBXBuildFile; fileRef = 420B007206C6EED000695CAB /* Density.m */; };
		422BF475074B760D00FE654A /* WildlifeDensity Icon.icns in Resources */ = {isa = PBXBuildFile; fileRef = 422BF474074B760D00FE654A /* WildlifeDensity Icon.icns */; };
		8D15AC2C0486D014006FF6A4 /* Credits.rtf in Resources */ = {isa = PBXBuildFile; fileRef = 2A37F4B9FDCFA73011CA2CEA /* Credits.rtf */; };
		8D15AC2D0486D014006FF6A4 /* MainMenu.nib in Resources */ = {isa = PBXBuildFile; fileRef = 2A37F4B6FDCFA73011CA2CEA /* MainMenu.nib */; };
		8D15AC2F0486D014006FF6A4 /* InfoPlist.strings in Resources */ = {isa = PBXBuildFile; fileRef = 089C165FFE840EACC02AAC07 /* InfoPlist.strings */; };
		8D15AC320486D014006FF6A4 /* main.m in Sources */ = {isa = PBXBuildFile; fileRef = 2A37F4B0FDCFA73011CA2CEA /* main.m */; settings = {ATTRIBUTES = (); }; };
		8D15AC340486D014006FF6A4 /* Cocoa.framework in Frameworks */ = {isa = PBXBuildFile; fileRef = 1058C7A7FEA54F5311CA2CBB /* Cocoa.framework */; };
/* End PBXBuildFile section */

/* Begin PBXBuildRule section */
		420B006B06C6EBE600695CAB /* PBXBuildRule */ = {
			isa = PBXBuildRule;
			compilerSpec = com.apple.compilers.proxy.script;
			fileType = sourcecode.fortran;
			isEditable = 1;
			outputFiles = (
				"$(OBJECT_FILE_DIR)-$(CURRENT_VARIANT)/$(CURRENT_ARCH)/$(INPUT_FILE_BASE).o",
			);
			script = "/usr/local/bin/gfortran -g -fno-underscoring -c -o \"${OBJECT_FILE_DIR}-${CURRENT_VARIANT}/${CURRENT_ARCH}/${INPUT_FILE_BASE}.o\" \"${INPUT_FILE_NAME}\"";
		};
/* End PBXBuildRule section */

/* Begin PBXFileReference section */
		089C1660FE840EACC02AAC07 /* English */ = {isa = PBXFileReference; fileEncoding = 10; lastKnownFileType = text.plist.strings; name = English; path = English.lproj/InfoPlist.strings; sourceTree = "<group>"; };
		1058C7A7FEA54F5311CA2CBB /* Cocoa.framework */ = {isa = PBXFileReference; lastKnownFileType = wrapper.framework; name = Cocoa.framework; path = /System/Library/Frameworks/Cocoa.framework; sourceTree = "<absolute>"; };
		1A0EEFB60997831D0040534B /* libgfortran.a */ = {isa = PBXFileReference; lastKnownFileType = archive.ar; name = libgfortran.a; path = "gfortran-static/libgfortran.a"; sourceTree = "<group>"; };
		1A9534E109F10EC6002E1E3A /* Dataset Icon.icns */ = {isa = PBXFileReference; lastKnownFileType = image.icns; path = "Dataset Icon.icns"; sourceTree = "<group>"; };
		2A37F4B0FDCFA73011CA2CEA /* main.m */ = {isa = PBXFileReference; fileEncoding = 4; lastKnownFileType = sourcecode.c.objc; path = main.m; sourceTree = "<group>"; };
		2A37F4B7FDCFA73011CA2CEA /* English */ = {isa = PBXFileReference; lastKnownFileType = wrapper.nib; name = English; path = English.lproj/MainMenu.nib; sourceTree = "<group>"; };
		2A37F4BAFDCFA73011CA2CEA /* English */ = {isa = PBXFileReference; lastKnownFileType = text.rtf; name = English; path = English.lproj/Credits.rtf; sourceTree = "<group>"; };
		2A37F4C4FDCFA73011CA2CEA /* AppKit.framework */ = {isa = PBXFileReference; lastKnownFileType = wrapper.framework; name = AppKit.framework; path = /System/Library/Frameworks/AppKit.framework; sourceTree = "<absolute>"; };
		2A37F4C5FDCFA73011CA2CEA /* Foundation.framework */ = {isa = PBXFileReference; lastKnownFileType = wrapper.framework; name = Foundation.framework; path = /System/Library/Frameworks/Foundation.framework; sourceTree = "<absolute>"; };
		32DBCF750370BD2300C91783 /* WildlifeDensity_Prefix.pch */ = {isa = PBXFileReference; fileEncoding = 4; lastKnownFileType = sourcecode.c.h; path = WildlifeDensity_Prefix.pch; sourceTree = "<group>"; };
		420B005006C6E96000695CAB /* English */ = {isa = PBXFileReference; lastKnownFileType = wrapper.nib; name = English; path = English.lproj/Density.nib; sourceTree = "<group>"; };
		420B005406C6E99600695CAB /* DensityController.h */ = {isa = PBXFileReference; fileEncoding = 7; lastKnownFileType = sourcecode.c.h; path = DensityController.h; sourceTree = "<group>"; };
		420B005506C6E99600695CAB /* DensityController.m */ = {isa = PBXFileReference; fileEncoding = 7; lastKnownFileType = sourcecode.c.objc; path = DensityController.m; sourceTree = "<group>"; };
		420B007106C6EED000695CAB /* Density.h */ = {isa = PBXFileReference; fileEncoding = 7; lastKnownFileType = sourcecode.c.h; path = Density.h; sourceTree = "<group>"; };
		420B007206C6EED000695CAB /* Density.m */ = {isa = PBXFileReference; fileEncoding = 7; lastKnownFileType = sourcecode.c.objc; path = Density.m; sourceTree = "<group>"; };
		420B008E06C6F75800695CAB /* mnps2.f */ = {isa = PBXFileReference; explicitFileType = sourcecode.fortran; fileEncoding = 7; indentWidth = 4; path = mnps2.f; sourceTree = "<group>"; tabWidth = 4; usesTabs = 0; };
		422BF474074B760D00FE654A /* WildlifeDensity Icon.icns */ = {isa = PBXFileReference; lastKnownFileType = image.icns; path = "WildlifeDensity Icon.icns"; sourceTree = "<group>"; };
		4295D9CA06C73467005558C3 /* mnps2.h */ = {isa = PBXFileReference; fileEncoding = 4; indentWidth = 4; lastKnownFileType = sourcecode.c.h; path = mnps2.h; sourceTree = "<group>"; tabWidth = 4; usesTabs = 0; };
		8D15AC360486D014006FF6A4 /* Info.plist */ = {isa = PBXFileReference; fileEncoding = 4; lastKnownFileType = text.plist; path = Info.plist; sourceTree = "<group>"; };
		8D15AC370486D014006FF6A4 /* WildlifeDensity.app */ = {isa = PBXFileReference; explicitFileType = wrapper.application; includeInIndex = 0; path = WildlifeDensity.app; sourceTree = BUILT_PRODUCTS_DIR; };
/* End PBXFileReference section */

/* Begin PBXFrameworksBuildPhase section */
		8D15AC330486D014006FF6A4 /* Frameworks */ = {
			isa = PBXFrameworksBuildPhase;
			buildActionMask = 2147483647;
			files = (
				8D15AC340486D014006FF6A4 /* Cocoa.framework in Frameworks */,
				1A0EEFB70997831D0040534B /* libgfortran.a in Frameworks */,
			);
			runOnlyForDeploymentPostprocessing = 0;
		};
/* End PBXFrameworksBuildPhase section */

/* Begin PBXGroup section */
		1058C7A6FEA54F5311CA2CBB /* Linked Frameworks */ = {
			isa = PBXGroup;
			children = (
				1A0EEFB60997831D0040534B /* libgfortran.a */,
				1058C7A7FEA54F5311CA2CBB /* Cocoa.framework */,
			);
			name = "Linked Frameworks";
			sourceTree = "<group>";
		};
		1058C7A8FEA54F5311CA2CBB /* Other Frameworks */ = {
			isa = PBXGroup;
			children = (
				2A37F4C5FDCFA73011CA2CEA /* Foundation.framework */,
				2A37F4C4FDCFA73011CA2CEA /* AppKit.framework */,
			);
			name = "Other Frameworks";
			sourceTree = "<group>";
		};
		19C28FB0FE9D524F11CA2CBB /* Products */ = {
			isa = PBXGroup;
			children = (
				8D15AC370486D014006FF6A4 /* WildlifeDensity.app */,
			);
			name = Products;
			sourceTree = "<group>";
		};
		2A37F4AAFDCFA73011CA2CEA /* WildlifeDensity */ = {
			isa = PBXGroup;
			children = (
				2A37F4ABFDCFA73011CA2CEA /* Classes */,
				2A37F4AFFDCFA73011CA2CEA /* Other Sources */,
				2A37F4B8FDCFA73011CA2CEA /* Resources */,
				2A37F4C3FDCFA73011CA2CEA /* Frameworks */,
				19C28FB0FE9D524F11CA2CBB /* Products */,
			);
			name = WildlifeDensity;
			sourceTree = "<group>";
		};
		2A37F4ABFDCFA73011CA2CEA /* Classes */ = {
			isa = PBXGroup;
			children = (
				420B005406C6E99600695CAB /* DensityController.h */,
				420B005506C6E99600695CAB /* DensityController.m */,
				420B007106C6EED000695CAB /* Density.h */,
				420B007206C6EED000695CAB /* Density.m */,
			);
			name = Classes;
			sourceTree = "<group>";
		};
		2A37F4AFFDCFA73011CA2CEA /* Other Sources */ = {
			isa = PBXGroup;
			children = (
				4295D9CA06C73467005558C3 /* mnps2.h */,
				420B008E06C6F75800695CAB /* mnps2.f */,
				32DBCF750370BD2300C91783 /* WildlifeDensity_Prefix.pch */,
				2A37F4B0FDCFA73011CA2CEA /* main.m */,
			);
			name = "Other Sources";
			sourceTree = "<group>";
		};
		2A37F4B8FDCFA73011CA2CEA /* Resources */ = {
			isa = PBXGroup;
			children = (
				422BF474074B760D00FE654A /* WildlifeDensity Icon.icns */,
				1A9534E109F10EC6002E1E3A /* Dataset Icon.icns */,
				2A37F4B9FDCFA73011CA2CEA /* Credits.rtf */,
				2A37F4B6FDCFA73011CA2CEA /* MainMenu.nib */,
				420B004F06C6E96000695CAB /* Density.nib */,
				8D15AC360486D014006FF6A4 /* Info.plist */,
				089C165FFE840EACC02AAC07 /* InfoPlist.strings */,
			);
			name = Resources;
			sourceTree = "<group>";
		};
		2A37F4C3FDCFA73011CA2CEA /* Frameworks */ = {
			isa = PBXGroup;
			children = (
				1058C7A6FEA54F5311CA2CBB /* Linked Frameworks */,
				1058C7A8FEA54F5311CA2CBB /* Other Frameworks */,
			);
			name = Frameworks;
			sourceTree = "<group>";
		};
/* End PBXGroup section */

/* Begin PBXNativeTarget section */
		8D15AC270486D014006FF6A4 /* WildlifeDensity */ = {
			isa = PBXNativeTarget;
			buildConfigurationList = 4206D929093D5F580056509F /* Build configuration list for PBXNativeTarget "WildlifeDensity" */;
			buildPhases = (
				8D15AC2B0486D014006FF6A4 /* Resources */,
				8D15AC300486D014006FF6A4 /* Sources */,
				8D15AC330486D014006FF6A4 /* Frameworks */,
			);
			buildRules = (
				420B006B06C6EBE600695CAB /* PBXBuildRule */,
			);
			dependencies = (
			);
			name = WildlifeDensity;
			productInstallPath = "$(HOME)/Applications";
			productName = WildlifeDensity;
			productReference = 8D15AC370486D014006FF6A4 /* WildlifeDensity.app */;
			productType = "com.apple.product-type.application";
		};
/* End PBXNativeTarget section */

/* Begin PBXProject section */
		2A37F4A9FDCFA73011CA2CEA /* Project object */ = {
			isa = PBXProject;
			buildConfigurationList = 4206D92D093D5F580056509F /* Build configuration list for PBXProject "WildlifeDensity gfortran" */;
			hasScannedForEncodings = 1;
			mainGroup = 2A37F4AAFDCFA73011CA2CEA /* WildlifeDensity */;
			projectDirPath = "";
			targets = (
				8D15AC270486D014006FF6A4 /* WildlifeDensity */,
			);
		};
/* End PBXProject section */

/* Begin PBXResourcesBuildPhase section */
		8D15AC2B0486D014006FF6A4 /* Resources */ = {
			isa = PBXResourcesBuildPhase;
			buildActionMask = 2147483647;
			files = (
				8D15AC2C0486D014006FF6A4 /* Credits.rtf in Resources */,
				8D15AC2D0486D014006FF6A4 /* MainMenu.nib in Resources */,
				8D15AC2F0486D014006FF6A4 /* InfoPlist.strings in Resources */,
				420B005106C6E96000695CAB /* Density.nib in Resources */,
				420B005606C6E99600695CAB /* DensityController.h in Resources */,
				420B007306C6EED000695CAB /* Density.h in Resources */,
				422BF475074B760D00FE654A /* WildlifeDensity Icon.icns in Resources */,
				1A9534E209F10EC6002E1E3A /* Dataset Icon.icns in Resources */,
			);
			runOnlyForDeploymentPostprocessing = 0;
		};
/* End PBXResourcesBuildPhase section */

/* Begin PBXSourcesBuildPhase section */
		8D15AC300486D014006FF6A4 /* Sources */ = {
			isa = PBXSourcesBuildPhase;
			buildActionMask = 2147483647;
			files = (
				8D15AC320486D014006FF6A4 /* main.m in Sources */,
				420B005706C6E99600695CAB /* DensityController.m in Sources */,
				420B007406C6EED000695CAB /* Density.m in Sources */,
				1A221BD1071BCDDB00596C57 /* mnps2.f in Sources */,
			);
			runOnlyForDeploymentPostprocessing = 0;
		};
/* End PBXSourcesBuildPhase section */

/* Begin PBXVariantGroup section */
		089C165FFE840EACC02AAC07 /* InfoPlist.strings */ = {
			isa = PBXVariantGroup;
			children = (
				089C1660FE840EACC02AAC07 /* English */,
			);
			name = InfoPlist.strings;
			sourceTree = "<group>";
		};
		2A37F4B6FDCFA73011CA2CEA /* MainMenu.nib */ = {
			isa = PBXVariantGroup;
			children = (
				2A37F4B7FDCFA73011CA2CEA /* English */,
			);
			name = MainMenu.nib;
			sourceTree = "<group>";
		};
		2A37F4B9FDCFA73011CA2CEA /* Credits.rtf */ = {
			isa = PBXVariantGroup;
			children = (
				2A37F4BAFDCFA73011CA2CEA /* English */,
			);
			name = Credits.rtf;
			sourceTree = "<group>";
		};
		420B004F06C6E96000695CAB /* Density.nib */ = {
			isa = PBXVariantGroup;
			children = (
				420B005006C6E96000695CAB /* English */,
			);
			name = Density.nib;
			sourceTree = "<group>";
		};
/* End PBXVariantGroup section */

/* Begin XCBuildConfiguration section */
		4206D92A093D5F580056509F /* Development */ = {
			isa = XCBuildConfiguration;
			buildSettings = {
				ARCHS = ppc;
				COPY_PHASE_STRIP = NO;
				GCC_C_LANGUAGE_STANDARD = c99;
				GCC_DYNAMIC_NO_PIC = NO;
				GCC_ENABLE_FIX_AND_CONTINUE = YES;
				GCC_GENERATE_DEBUGGING_SYMBOLS = YES;
				GCC_OPTIMIZATION_LEVEL = 0;
				GCC_PRECOMPILE_PREFIX_HEADER = NO;
				GCC_PREFIX_HEADER = WildlifeDensity_Prefix.pch;
				INFOPLIST_FILE = Info.plist;
				INSTALL_PATH = "$(HOME)/Applications";
				LIBRARY_SEARCH_PATHS = "";
				LIBRARY_STYLE = DYNAMIC;
				OTHER_LDFLAGS = "";
				PREBINDING = NO;
				PRODUCT_NAME = WildlifeDensity;
				WRAPPER_EXTENSION = app;
				XLF_QFIXED = YES;
				ZERO_LINK = YES;
			};
			name = Development;
		};
		4206D92B093D5F580056509F /* Deployment */ = {
			isa = XCBuildConfiguration;
			buildSettings = {
				ARCHS = ppc;
				COPY_PHASE_STRIP = YES;
				GCC_C_LANGUAGE_STANDARD = c99;
				GCC_ENABLE_FIX_AND_CONTINUE = NO;
				GCC_GENERATE_DEBUGGING_SYMBOLS = NO;
				GCC_PRECOMPILE_PREFIX_HEADER = NO;
				GCC_PREFIX_HEADER = WildlifeDensity_Prefix.pch;
				INFOPLIST_FILE = Info.plist;
				INSTALL_PATH = "$(HOME)/Applications";
				LIBRARY_SEARCH_PATHS = "";
				LIBRARY_STYLE = DYNAMIC;
				OTHER_LDFLAGS = "";
				PREBINDING = NO;
				PRODUCT_NAME = WildlifeDensity;
				WRAPPER_EXTENSION = app;
				XLF_QFIXED = YES;
				ZERO_LINK = NO;
			};
			name = Deployment;
		};
		4206D92C093D5F580056509F /* Default */ = {
			isa = XCBuildConfiguration;
			buildSettings = {
				ARCHS = ppc;
				GCC_C_LANGUAGE_STANDARD = c99;
				GCC_ENABLE_FIX_AND_CONTINUE = NO;
				GCC_GENERATE_DEBUGGING_SYMBOLS = NO;
				GCC_PRECOMPILE_PREFIX_HEADER = NO;
				GCC_PREFIX_HEADER = WildlifeDensity_Prefix.pch;
				INFOPLIST_FILE = Info.plist;
				INSTALL_PATH = "$(HOME)/Applications";
				LIBRARY_SEARCH_PATHS = "";
				LIBRARY_STYLE = DYNAMIC;
				OTHER_LDFLAGS = "";
				PREBINDING = NO;
				PRODUCT_NAME = WildlifeDensity;
				WRAPPER_EXTENSION = app;
				XLF_QFIXED = YES;
			};
			name = Default;
		};
		4206D92E093D5F580056509F /* Development */ = {
			isa = XCBuildConfiguration;
			buildSettings = {
			};
			name = Development;
		};
		4206D92F093D5F580056509F /* Deployment */ = {
			isa = XCBuildConfiguration;
			buildSettings = {
			};
			name = Deployment;
		};
		4206D930093D5F580056509F /* Default */ = {
			isa = XCBuildConfiguration;
			buildSettings = {
			};
			name = Default;
		};
/* End XCBuildConfiguration section */

/* Begin XCConfigurationList section */
		4206D929093D5F580056509F /* Build configuration list for PBXNativeTarget "WildlifeDensity" */ = {
			isa = XCConfigurationList;
			buildConfigurations = (
				4206D92A093D5F580056509F /* Development */,
				4206D92B093D5F580056509F /* Deployment */,
				4206D92C093D5F580056509F /* Default */,
			);
			defaultConfigurationIsVisible = 0;
			defaultConfigurationName = Default;
		};
		4206D92D093D5F580056509F /* Build configuration list for PBXProject "WildlifeDensity gfortran" */ = {
			isa = XCConfigurationList;
			buildConfigurations = (
				4206D92E093D5F580056509F /* Development */,
				4206D92F093D5F580056509F /* Deployment */,
				4206D930093D5F580056509F /* Default */,
			);
			defaultConfigurationIsVisible = 0;
			defaultConfigurationName = Default;
		};
/* End XCConfigurationList section */
	};
	rootObject = 2A37F4A9FDCFA73011CA2CEA /* Project object */;
}
