// !$*UTF8*$!
{
	archiveVersion = 1;
	classes = {
	};
	objectVersion = 39;
	objects = {
		089C165FFE840EACC02AAC07 = {
			children = (
				089C1660FE840EACC02AAC07,
			);
			isa = PBXVariantGroup;
			name = InfoPlist.strings;
			refType = 4;
			sourceTree = "<group>";
		};
		089C1660FE840EACC02AAC07 = {
			fileEncoding = 10;
			isa = PBXFileReference;
			lastKnownFileType = text.plist.strings;
			name = English;
			path = English.lproj/InfoPlist.strings;
			refType = 4;
			sourceTree = "<group>";
		};
//080
//081
//082
//083
//084
//100
//101
//102
//103
//104
		1058C7A6FEA54F5311CA2CBB = {
			children = (
				1058C7A7FEA54F5311CA2CBB,
			);
			isa = PBXGroup;
			name = "Linked Frameworks";
			refType = 4;
			sourceTree = "<group>";
		};
		1058C7A7FEA54F5311CA2CBB = {
			isa = PBXFileReference;
			lastKnownFileType = wrapper.framework;
			name = Cocoa.framework;
			path = /System/Library/Frameworks/Cocoa.framework;
			refType = 0;
			sourceTree = "<absolute>";
		};
		1058C7A8FEA54F5311CA2CBB = {
			children = (
				2A37F4C5FDCFA73011CA2CEA,
				2A37F4C4FDCFA73011CA2CEA,
			);
			isa = PBXGroup;
			name = "Other Frameworks";
			refType = 4;
			sourceTree = "<group>";
		};
//100
//101
//102
//103
//104
//190
//191
//192
//193
//194
		19C28FB0FE9D524F11CA2CBB = {
			children = (
				8D15AC370486D014006FF6A4,
			);
			isa = PBXGroup;
			name = Products;
			refType = 4;
			sourceTree = "<group>";
		};
//190
//191
//192
//193
//194
//1A0
//1A1
//1A2
//1A3
//1A4
		1A10376A071BEC19003F3AC7 = {
			fileRef = 42F1A90306CDEF58002282CE;
			isa = PBXBuildFile;
			settings = {
			};
		};
		1A221BD1071BCDDB00596C57 = {
			fileRef = 420B008E06C6F75800695CAB;
			isa = PBXBuildFile;
			settings = {
			};
		};
		1A221BF3071BD19B00596C57 = {
			isa = PBXFileReference;
			lastKnownFileType = archive.ar;
			name = libxl.a;
			path = "XLF-static/libxl.a";
			refType = 4;
			sourceTree = "<group>";
		};
		1A221BF7071BD1E700596C57 = {
			fileRef = 1A221BF3071BD19B00596C57;
			isa = PBXBuildFile;
			settings = {
			};
		};
		1AA5AD8A0746264500DCE606 = {
			isa = PBXFileReference;
			lastKnownFileType = image.tiff;
			path = "WildlifeDensity Icon.tiff";
			refType = 4;
			sourceTree = "<group>";
		};
		1AA5AD8B0746264500DCE606 = {
			fileRef = 1AA5AD8A0746264500DCE606;
			isa = PBXBuildFile;
			settings = {
			};
		};
//1A0
//1A1
//1A2
//1A3
//1A4
//2A0
//2A1
//2A2
//2A3
//2A4
		2A37F4A9FDCFA73011CA2CEA = {
			buildSettings = {
			};
			buildStyles = (
				4A9504D0FFE6A4CB11CA0CBA,
				4A9504D1FFE6A4CB11CA0CBA,
			);
			hasScannedForEncodings = 1;
			isa = PBXProject;
			mainGroup = 2A37F4AAFDCFA73011CA2CEA;
			projectDirPath = "";
			targets = (
				8D15AC270486D014006FF6A4,
			);
		};
		2A37F4AAFDCFA73011CA2CEA = {
			children = (
				2A37F4ABFDCFA73011CA2CEA,
				2A37F4AFFDCFA73011CA2CEA,
				2A37F4B8FDCFA73011CA2CEA,
				2A37F4C3FDCFA73011CA2CEA,
				19C28FB0FE9D524F11CA2CBB,
			);
			isa = PBXGroup;
			name = WildlifeDensity;
			path = "";
			refType = 4;
			sourceTree = "<group>";
		};
		2A37F4ABFDCFA73011CA2CEA = {
			children = (
				420B005406C6E99600695CAB,
				420B005506C6E99600695CAB,
				420B007106C6EED000695CAB,
				420B007206C6EED000695CAB,
			);
			isa = PBXGroup;
			name = Classes;
			path = "";
			refType = 4;
			sourceTree = "<group>";
		};
		2A37F4AFFDCFA73011CA2CEA = {
			children = (
				4295D9CA06C73467005558C3,
				420B008E06C6F75800695CAB,
				32DBCF750370BD2300C91783,
				2A37F4B0FDCFA73011CA2CEA,
			);
			isa = PBXGroup;
			name = "Other Sources";
			path = "";
			refType = 4;
			sourceTree = "<group>";
		};
		2A37F4B0FDCFA73011CA2CEA = {
			fileEncoding = 4;
			isa = PBXFileReference;
			lastKnownFileType = sourcecode.c.objc;
			path = main.m;
			refType = 4;
			sourceTree = "<group>";
		};
		2A37F4B6FDCFA73011CA2CEA = {
			children = (
				2A37F4B7FDCFA73011CA2CEA,
			);
			isa = PBXVariantGroup;
			name = MainMenu.nib;
			path = "";
			refType = 4;
			sourceTree = "<group>";
		};
		2A37F4B7FDCFA73011CA2CEA = {
			isa = PBXFileReference;
			lastKnownFileType = wrapper.nib;
			name = English;
			path = English.lproj/MainMenu.nib;
			refType = 4;
			sourceTree = "<group>";
		};
		2A37F4B8FDCFA73011CA2CEA = {
			children = (
				1AA5AD8A0746264500DCE606,
				2A37F4B9FDCFA73011CA2CEA,
				2A37F4B6FDCFA73011CA2CEA,
				420B004F06C6E96000695CAB,
				8D15AC360486D014006FF6A4,
				089C165FFE840EACC02AAC07,
			);
			isa = PBXGroup;
			name = Resources;
			path = "";
			refType = 4;
			sourceTree = "<group>";
		};
		2A37F4B9FDCFA73011CA2CEA = {
			children = (
				2A37F4BAFDCFA73011CA2CEA,
			);
			isa = PBXVariantGroup;
			name = Credits.rtf;
			path = "";
			refType = 4;
			sourceTree = "<group>";
		};
		2A37F4BAFDCFA73011CA2CEA = {
			isa = PBXFileReference;
			lastKnownFileType = text.rtf;
			name = English;
			path = English.lproj/Credits.rtf;
			refType = 4;
			sourceTree = "<group>";
		};
		2A37F4C3FDCFA73011CA2CEA = {
			children = (
				1A221BF3071BD19B00596C57,
				42F1A90306CDEF58002282CE,
				42F1A90406CDEF58002282CE,
				1058C7A6FEA54F5311CA2CBB,
				1058C7A8FEA54F5311CA2CBB,
			);
			isa = PBXGroup;
			name = Frameworks;
			path = "";
			refType = 4;
			sourceTree = "<group>";
		};
		2A37F4C4FDCFA73011CA2CEA = {
			isa = PBXFileReference;
			lastKnownFileType = wrapper.framework;
			name = AppKit.framework;
			path = /System/Library/Frameworks/AppKit.framework;
			refType = 0;
			sourceTree = "<absolute>";
		};
		2A37F4C5FDCFA73011CA2CEA = {
			isa = PBXFileReference;
			lastKnownFileType = wrapper.framework;
			name = Foundation.framework;
			path = /System/Library/Frameworks/Foundation.framework;
			refType = 0;
			sourceTree = "<absolute>";
		};
//2A0
//2A1
//2A2
//2A3
//2A4
//320
//321
//322
//323
//324
		32DBCF750370BD2300C91783 = {
			fileEncoding = 4;
			isa = PBXFileReference;
			lastKnownFileType = sourcecode.c.h;
			path = WildlifeDensity_Prefix.pch;
			refType = 4;
			sourceTree = "<group>";
		};
//320
//321
//322
//323
//324
//420
//421
//422
//423
//424
		420B004F06C6E96000695CAB = {
			children = (
				420B005006C6E96000695CAB,
			);
			isa = PBXVariantGroup;
			name = Density.nib;
			path = "";
			refType = 4;
			sourceTree = "<group>";
		};
		420B005006C6E96000695CAB = {
			isa = PBXFileReference;
			lastKnownFileType = wrapper.nib;
			name = English;
			path = English.lproj/Density.nib;
			refType = 4;
			sourceTree = "<group>";
		};
		420B005106C6E96000695CAB = {
			fileRef = 420B004F06C6E96000695CAB;
			isa = PBXBuildFile;
			settings = {
			};
		};
		420B005406C6E99600695CAB = {
			fileEncoding = 7;
			isa = PBXFileReference;
			lastKnownFileType = sourcecode.c.h;
			path = DensityController.h;
			refType = 4;
			sourceTree = "<group>";
		};
		420B005506C6E99600695CAB = {
			fileEncoding = 7;
			isa = PBXFileReference;
			lastKnownFileType = sourcecode.c.objc;
			path = DensityController.m;
			refType = 4;
			sourceTree = "<group>";
		};
		420B005606C6E99600695CAB = {
			fileRef = 420B005406C6E99600695CAB;
			isa = PBXBuildFile;
			settings = {
			};
		};
		420B005706C6E99600695CAB = {
			fileRef = 420B005506C6E99600695CAB;
			isa = PBXBuildFile;
			settings = {
			};
		};
		420B006B06C6EBE600695CAB = {
			compilerSpec = com.apple.compilers.gcc.3_3.xlf;
			fileType = sourcecode.fortran;
			isEditable = 1;
			isa = PBXBuildRule;
			outputFiles = (
			);
		};
		420B007106C6EED000695CAB = {
			fileEncoding = 7;
			isa = PBXFileReference;
			lastKnownFileType = sourcecode.c.h;
			path = Density.h;
			refType = 4;
			sourceTree = "<group>";
		};
		420B007206C6EED000695CAB = {
			fileEncoding = 7;
			isa = PBXFileReference;
			lastKnownFileType = sourcecode.c.objc;
			path = Density.m;
			refType = 4;
			sourceTree = "<group>";
		};
		420B007306C6EED000695CAB = {
			fileRef = 420B007106C6EED000695CAB;
			isa = PBXBuildFile;
			settings = {
			};
		};
		420B007406C6EED000695CAB = {
			fileRef = 420B007206C6EED000695CAB;
			isa = PBXBuildFile;
			settings = {
			};
		};
		420B008E06C6F75800695CAB = {
			fileEncoding = 7;
			indentWidth = 4;
			isa = PBXFileReference;
			lastKnownFileType = sourcecode.fortran;
			path = mnps2.f;
			refType = 4;
			sourceTree = "<group>";
			tabWidth = 4;
			usesTabs = 0;
		};
		4295D9CA06C73467005558C3 = {
			fileEncoding = 4;
			indentWidth = 4;
			isa = PBXFileReference;
			lastKnownFileType = sourcecode.c.h;
			path = mnps2.h;
			refType = 4;
			sourceTree = "<group>";
			tabWidth = 4;
			usesTabs = 0;
		};
		42F1A90306CDEF58002282CE = {
			isa = PBXFileReference;
			lastKnownFileType = archive.ar;
			name = libxlf90_r.a;
			path = "XLF-static/libxlf90_r.a";
			refType = 4;
			sourceTree = "<group>";
		};
		42F1A90406CDEF58002282CE = {
			isa = PBXFileReference;
			lastKnownFileType = archive.ar;
			name = libxlfmath.a;
			path = "XLF-static/libxlfmath.a";
			refType = 4;
			sourceTree = "<group>";
		};
		42F1A90606CDEF58002282CE = {
			fileRef = 42F1A90406CDEF58002282CE;
			isa = PBXBuildFile;
			settings = {
			};
		};
//420
//421
//422
//423
//424
//4A0
//4A1
//4A2
//4A3
//4A4
		4A9504D0FFE6A4CB11CA0CBA = {
			buildSettings = {
				COPY_PHASE_STRIP = NO;
				GCC_DYNAMIC_NO_PIC = NO;
				GCC_ENABLE_FIX_AND_CONTINUE = YES;
				GCC_GENERATE_DEBUGGING_SYMBOLS = YES;
				GCC_OPTIMIZATION_LEVEL = 0;
				ZERO_LINK = YES;
			};
			isa = PBXBuildStyle;
			name = Development;
		};
		4A9504D1FFE6A4CB11CA0CBA = {
			buildSettings = {
				COPY_PHASE_STRIP = YES;
				GCC_ENABLE_FIX_AND_CONTINUE = NO;
				ZERO_LINK = NO;
			};
			isa = PBXBuildStyle;
			name = Deployment;
		};
//4A0
//4A1
//4A2
//4A3
//4A4
//8D0
//8D1
//8D2
//8D3
//8D4
		8D15AC270486D014006FF6A4 = {
			buildPhases = (
				8D15AC2B0486D014006FF6A4,
				8D15AC300486D014006FF6A4,
				8D15AC330486D014006FF6A4,
			);
			buildRules = (
				420B006B06C6EBE600695CAB,
			);
			buildSettings = {
				GCC_C_LANGUAGE_STANDARD = c99;
				GCC_ENABLE_FIX_AND_CONTINUE = NO;
				GCC_GENERATE_DEBUGGING_SYMBOLS = NO;
				GCC_PRECOMPILE_PREFIX_HEADER = NO;
				GCC_PREFIX_HEADER = WildlifeDensity_Prefix.pch;
				INFOPLIST_FILE = Info.plist;
				INSTALL_PATH = "$(HOME)/Applications";
				LIBRARY_SEARCH_PATHS = "XLF-static /Users/james/dev/WiDe/WildlifeDensity/XLF-static";
				LIBRARY_STYLE = DYNAMIC;
				OTHER_LDFLAGS = "";
				PREBINDING = NO;
				PRODUCT_NAME = "Wildlife Density";
				WRAPPER_EXTENSION = app;
				XLF_QFIXED = YES;
			};
			dependencies = (
			);
			isa = PBXNativeTarget;
			name = WildlifeDensity;
			productInstallPath = "$(HOME)/Applications";
			productName = WildlifeDensity;
			productReference = 8D15AC370486D014006FF6A4;
			productType = "com.apple.product-type.application";
		};
		8D15AC2B0486D014006FF6A4 = {
			buildActionMask = 2147483647;
			files = (
				8D15AC2C0486D014006FF6A4,
				8D15AC2D0486D014006FF6A4,
				8D15AC2F0486D014006FF6A4,
				420B005106C6E96000695CAB,
				420B005606C6E99600695CAB,
				420B007306C6EED000695CAB,
				1AA5AD8B0746264500DCE606,
			);
			isa = PBXResourcesBuildPhase;
			runOnlyForDeploymentPostprocessing = 0;
		};
		8D15AC2C0486D014006FF6A4 = {
			fileRef = 2A37F4B9FDCFA73011CA2CEA;
			isa = PBXBuildFile;
			settings = {
			};
		};
		8D15AC2D0486D014006FF6A4 = {
			fileRef = 2A37F4B6FDCFA73011CA2CEA;
			isa = PBXBuildFile;
			settings = {
			};
		};
		8D15AC2F0486D014006FF6A4 = {
			fileRef = 089C165FFE840EACC02AAC07;
			isa = PBXBuildFile;
			settings = {
			};
		};
		8D15AC300486D014006FF6A4 = {
			buildActionMask = 2147483647;
			files = (
				8D15AC320486D014006FF6A4,
				420B005706C6E99600695CAB,
				420B007406C6EED000695CAB,
				1A221BD1071BCDDB00596C57,
			);
			isa = PBXSourcesBuildPhase;
			runOnlyForDeploymentPostprocessing = 0;
		};
		8D15AC320486D014006FF6A4 = {
			fileRef = 2A37F4B0FDCFA73011CA2CEA;
			isa = PBXBuildFile;
			settings = {
				ATTRIBUTES = (
				);
			};
		};
		8D15AC330486D014006FF6A4 = {
			buildActionMask = 2147483647;
			files = (
				8D15AC340486D014006FF6A4,
				1A10376A071BEC19003F3AC7,
				42F1A90606CDEF58002282CE,
				1A221BF7071BD1E700596C57,
			);
			isa = PBXFrameworksBuildPhase;
			runOnlyForDeploymentPostprocessing = 0;
		};
		8D15AC340486D014006FF6A4 = {
			fileRef = 1058C7A7FEA54F5311CA2CBB;
			isa = PBXBuildFile;
			settings = {
			};
		};
		8D15AC360486D014006FF6A4 = {
			fileEncoding = 4;
			isa = PBXFileReference;
			lastKnownFileType = text.plist;
			path = Info.plist;
			refType = 4;
			sourceTree = "<group>";
		};
		8D15AC370486D014006FF6A4 = {
			explicitFileType = wrapper.application;
			includeInIndex = 0;
			isa = PBXFileReference;
			path = "Wildlife Density.app";
			refType = 3;
			sourceTree = BUILT_PRODUCTS_DIR;
		};
	};
	rootObject = 2A37F4A9FDCFA73011CA2CEA;
}
